// !$*UTF8*$!
{
	archiveVersion = 1;
	classes = {
	};
	objectVersion = 46;
	objects = {

/* Begin PBXBuildFile section */
		A5013D3C1AAC20CD000B585F /* SettingViewController.m in Sources */ = {isa = PBXBuildFile; fileRef = A5013D3B1AAC20CD000B585F /* SettingViewController.m */; };
		A51231981ABFCD3800D3EA9C /* RowController.m in Sources */ = {isa = PBXBuildFile; fileRef = A51231971ABFCD3800D3EA9C /* RowController.m */; };
		A5289F5D1ABFE64700F93353 /* InterfaceController.m in Sources */ = {isa = PBXBuildFile; fileRef = A5289F5C1ABFE64700F93353 /* InterfaceController.m */; };
		A5289F601AC05B9600F93353 /* DetailInterfaceController.m in Sources */ = {isa = PBXBuildFile; fileRef = A5289F5F1AC05B9600F93353 /* DetailInterfaceController.m */; };
		A531F6BE1AAAA09500F1BAAD /* main.m in Sources */ = {isa = PBXBuildFile; fileRef = A531F6BD1AAAA09500F1BAAD /* main.m */; };
		A531F6C11AAAA09500F1BAAD /* AppDelegate.m in Sources */ = {isa = PBXBuildFile; fileRef = A531F6C01AAAA09500F1BAAD /* AppDelegate.m */; };
		A531F6C41AAAA09500F1BAAD /* Macnews_Notify.xcdatamodeld in Sources */ = {isa = PBXBuildFile; fileRef = A531F6C21AAAA09500F1BAAD /* Macnews_Notify.xcdatamodeld */; };
		A531F6C71AAAA09500F1BAAD /* MasterViewController.m in Sources */ = {isa = PBXBuildFile; fileRef = A531F6C61AAAA09500F1BAAD /* MasterViewController.m */; };
		A531F6CA1AAAA09500F1BAAD /* DetailViewController.m in Sources */ = {isa = PBXBuildFile; fileRef = A531F6C91AAAA09500F1BAAD /* DetailViewController.m */; };
		A531F6CD1AAAA09500F1BAAD /* Main.storyboard in Resources */ = {isa = PBXBuildFile; fileRef = A531F6CB1AAAA09500F1BAAD /* Main.storyboard */; };
		A531F6CF1AAAA09500F1BAAD /* Images.xcassets in Resources */ = {isa = PBXBuildFile; fileRef = A531F6CE1AAAA09500F1BAAD /* Images.xcassets */; };
		A531F6D21AAAA09500F1BAAD /* LaunchScreen.xib in Resources */ = {isa = PBXBuildFile; fileRef = A531F6D01AAAA09500F1BAAD /* LaunchScreen.xib */; };
		A531F73F1AAAAD1700F1BAAD /* TUSafariActivity.strings in Resources */ = {isa = PBXBuildFile; fileRef = A531F73D1AAAAD1700F1BAAD /* TUSafariActivity.strings */; };
		A531F7541AAAAD6900F1BAAD /* TUSafariActivity.m in Sources */ = {isa = PBXBuildFile; fileRef = A531F7531AAAAD6900F1BAAD /* TUSafariActivity.m */; };
		A538B0CF1ABD742E00828F03 /* NotificationCenter.framework in Frameworks */ = {isa = PBXBuildFile; fileRef = A538B0CE1ABD742E00828F03 /* NotificationCenter.framework */; };
		A538B0D51ABD742E00828F03 /* TodayViewController.m in Sources */ = {isa = PBXBuildFile; fileRef = A538B0D41ABD742E00828F03 /* TodayViewController.m */; };
		A538B0D71ABD742E00828F03 /* MainInterface.storyboard in Resources */ = {isa = PBXBuildFile; fileRef = A538B0D61ABD742E00828F03 /* MainInterface.storyboard */; };
		A538B0DA1ABD742E00828F03 /* Recent-Widget.appex in Embed App Extensions */ = {isa = PBXBuildFile; fileRef = A538B0CC1ABD742E00828F03 /* Recent-Widget.appex */; settings = {ATTRIBUTES = (RemoveHeadersOnCopy, ); }; };
		A538B0DF1ABD748100828F03 /* MacnewsCore.framework in Frameworks */ = {isa = PBXBuildFile; fileRef = A54397031ABBB232009290B4 /* MacnewsCore.framework */; };
		A538B0EB1ABD751300828F03 /* TableController.m in Sources */ = {isa = PBXBuildFile; fileRef = A538B0EA1ABD751300828F03 /* TableController.m */; };
		A538B0EE1ABD751300828F03 /* NotificationController.m in Sources */ = {isa = PBXBuildFile; fileRef = A538B0ED1ABD751300828F03 /* NotificationController.m */; };
		A538B0F11ABD751300828F03 /* GlanceController.m in Sources */ = {isa = PBXBuildFile; fileRef = A538B0F01ABD751300828F03 /* GlanceController.m */; };
		A538B0F31ABD751300828F03 /* Images.xcassets in Resources */ = {isa = PBXBuildFile; fileRef = A538B0F21ABD751300828F03 /* Images.xcassets */; };
		A538B0F71ABD751300828F03 /* Macnews Notify WatchKit App.app in Resources */ = {isa = PBXBuildFile; fileRef = A538B0F61ABD751300828F03 /* Macnews Notify WatchKit App.app */; };
		A538B0FF1ABD751300828F03 /* Interface.storyboard in Resources */ = {isa = PBXBuildFile; fileRef = A538B0FD1ABD751300828F03 /* Interface.storyboard */; };
		A538B1011ABD751300828F03 /* Images.xcassets in Resources */ = {isa = PBXBuildFile; fileRef = A538B1001ABD751300828F03 /* Images.xcassets */; };
		A538B1041ABD751300828F03 /* Macnews Notify WatchKit Extension.appex in Embed App Extensions */ = {isa = PBXBuildFile; fileRef = A538B0E41ABD751300828F03 /* Macnews Notify WatchKit Extension.appex */; settings = {ATTRIBUTES = (RemoveHeadersOnCopy, ); }; };
		A538B10E1ABD757D00828F03 /* MacnewsCore.framework in Frameworks */ = {isa = PBXBuildFile; fileRef = A54397031ABBB232009290B4 /* MacnewsCore.framework */; };
		A538B10F1ABD757D00828F03 /* MacnewsCore.framework in Embed Frameworks */ = {isa = PBXBuildFile; fileRef = A54397031ABBB232009290B4 /* MacnewsCore.framework */; settings = {ATTRIBUTES = (CodeSignOnCopy, RemoveHeadersOnCopy, ); }; };
		A538B1151ABDC54100828F03 /* UIMutableUserNotificationAction+Simple.h in Headers */ = {isa = PBXBuildFile; fileRef = A538B1131ABDC54100828F03 /* UIMutableUserNotificationAction+Simple.h */; settings = {ATTRIBUTES = (Public, ); }; };
		A538B1161ABDC54100828F03 /* UIMutableUserNotificationAction+Simple.m in Sources */ = {isa = PBXBuildFile; fileRef = A538B1141ABDC54100828F03 /* UIMutableUserNotificationAction+Simple.m */; };
		A538B1451ABDE9FD00828F03 /* MRProgress.h in Headers */ = {isa = PBXBuildFile; fileRef = A538B1441ABDE9FD00828F03 /* MRProgress.h */; settings = {ATTRIBUTES = (Public, ); }; };
		A538B1571ABDE9FD00828F03 /* MRProgress.framework in Frameworks */ = {isa = PBXBuildFile; fileRef = A538B1401ABDE9FD00828F03 /* MRProgress.framework */; };
		A538B1581ABDE9FD00828F03 /* MRProgress.framework in Embed Frameworks */ = {isa = PBXBuildFile; fileRef = A538B1401ABDE9FD00828F03 /* MRProgress.framework */; settings = {ATTRIBUTES = (CodeSignOnCopy, RemoveHeadersOnCopy, ); }; };
		A538B1641ABDEA3B00828F03 /* MRBlurView.h in Headers */ = {isa = PBXBuildFile; fileRef = A538B1601ABDEA3B00828F03 /* MRBlurView.h */; settings = {ATTRIBUTES = (Public, ); }; };
		A538B1651ABDEA3B00828F03 /* MRBlurView.m in Sources */ = {isa = PBXBuildFile; fileRef = A538B1611ABDEA3B00828F03 /* MRBlurView.m */; };
		A538B1661ABDEA3B00828F03 /* UIImage+MRImageEffects.h in Headers */ = {isa = PBXBuildFile; fileRef = A538B1621ABDEA3B00828F03 /* UIImage+MRImageEffects.h */; settings = {ATTRIBUTES = (Public, ); }; };
		A538B1671ABDEA3B00828F03 /* UIImage+MRImageEffects.m in Sources */ = {isa = PBXBuildFile; fileRef = A538B1631ABDEA3B00828F03 /* UIImage+MRImageEffects.m */; };
		A538B1781ABDEA5900828F03 /* MRActivityIndicatorView.h in Headers */ = {isa = PBXBuildFile; fileRef = A538B1691ABDEA5900828F03 /* MRActivityIndicatorView.h */; settings = {ATTRIBUTES = (Public, ); }; };
		A538B1791ABDEA5900828F03 /* MRActivityIndicatorView.m in Sources */ = {isa = PBXBuildFile; fileRef = A538B16A1ABDEA5900828F03 /* MRActivityIndicatorView.m */; };
		A538B17A1ABDEA5900828F03 /* MRCircularProgressView.h in Headers */ = {isa = PBXBuildFile; fileRef = A538B16B1ABDEA5900828F03 /* MRCircularProgressView.h */; settings = {ATTRIBUTES = (Public, ); }; };
		A538B17B1ABDEA5900828F03 /* MRCircularProgressView.m in Sources */ = {isa = PBXBuildFile; fileRef = A538B16C1ABDEA5900828F03 /* MRCircularProgressView.m */; };
		A538B17C1ABDEA5900828F03 /* MRIconView.h in Headers */ = {isa = PBXBuildFile; fileRef = A538B16D1ABDEA5900828F03 /* MRIconView.h */; settings = {ATTRIBUTES = (Public, ); }; };
		A538B17D1ABDEA5900828F03 /* MRIconView.m in Sources */ = {isa = PBXBuildFile; fileRef = A538B16E1ABDEA5900828F03 /* MRIconView.m */; };
		A538B17E1ABDEA5900828F03 /* MRNavigationBarProgressView.h in Headers */ = {isa = PBXBuildFile; fileRef = A538B16F1ABDEA5900828F03 /* MRNavigationBarProgressView.h */; settings = {ATTRIBUTES = (Public, ); }; };
		A538B17F1ABDEA5900828F03 /* MRNavigationBarProgressView.m in Sources */ = {isa = PBXBuildFile; fileRef = A538B1701ABDEA5900828F03 /* MRNavigationBarProgressView.m */; };
		A538B1801ABDEA5900828F03 /* MRProgressOverlayView.h in Headers */ = {isa = PBXBuildFile; fileRef = A538B1711ABDEA5900828F03 /* MRProgressOverlayView.h */; settings = {ATTRIBUTES = (Public, ); }; };
		A538B1811ABDEA5900828F03 /* MRProgressOverlayView.m in Sources */ = {isa = PBXBuildFile; fileRef = A538B1721ABDEA5900828F03 /* MRProgressOverlayView.m */; };
		A538B1821ABDEA5900828F03 /* MRProgressView.h in Headers */ = {isa = PBXBuildFile; fileRef = A538B1731ABDEA5900828F03 /* MRProgressView.h */; settings = {ATTRIBUTES = (Public, ); }; };
		A538B1831ABDEA5900828F03 /* MRProgressView.m in Sources */ = {isa = PBXBuildFile; fileRef = A538B1741ABDEA5900828F03 /* MRProgressView.m */; };
		A538B1841ABDEA5900828F03 /* MRStopableView.h in Headers */ = {isa = PBXBuildFile; fileRef = A538B1751ABDEA5900828F03 /* MRStopableView.h */; settings = {ATTRIBUTES = (Public, ); }; };
		A538B1851ABDEA5900828F03 /* MRStopButton.h in Headers */ = {isa = PBXBuildFile; fileRef = A538B1761ABDEA5900828F03 /* MRStopButton.h */; settings = {ATTRIBUTES = (Public, ); }; };
		A538B1861ABDEA5900828F03 /* MRStopButton.m in Sources */ = {isa = PBXBuildFile; fileRef = A538B1771ABDEA5900828F03 /* MRStopButton.m */; };
		A538B19D1ABDEA6D00828F03 /* MRMessageInterceptor.h in Headers */ = {isa = PBXBuildFile; fileRef = A538B1961ABDEA6D00828F03 /* MRMessageInterceptor.h */; settings = {ATTRIBUTES = (Public, ); }; };
		A538B19E1ABDEA6D00828F03 /* MRMessageInterceptor.m in Sources */ = {isa = PBXBuildFile; fileRef = A538B1971ABDEA6D00828F03 /* MRMessageInterceptor.m */; };
		A538B19F1ABDEA6D00828F03 /* MRMethodCopier.h in Headers */ = {isa = PBXBuildFile; fileRef = A538B1981ABDEA6D00828F03 /* MRMethodCopier.h */; settings = {ATTRIBUTES = (Public, ); }; };
		A538B1A01ABDEA6D00828F03 /* MRMethodCopier.m in Sources */ = {isa = PBXBuildFile; fileRef = A538B1991ABDEA6D00828F03 /* MRMethodCopier.m */; };
		A538B1A11ABDEA6D00828F03 /* MRProgressHelper.h in Headers */ = {isa = PBXBuildFile; fileRef = A538B19A1ABDEA6D00828F03 /* MRProgressHelper.h */; settings = {ATTRIBUTES = (Public, ); }; };
		A538B1A21ABDEA6D00828F03 /* MRWeakProxy.h in Headers */ = {isa = PBXBuildFile; fileRef = A538B19B1ABDEA6D00828F03 /* MRWeakProxy.h */; settings = {ATTRIBUTES = (Public, ); }; };
		A538B1A31ABDEA6D00828F03 /* MRWeakProxy.m in Sources */ = {isa = PBXBuildFile; fileRef = A538B19C1ABDEA6D00828F03 /* MRWeakProxy.m */; };
		A538B1A71ABDF59F00828F03 /* TableViewCell.m in Sources */ = {isa = PBXBuildFile; fileRef = A538B1A61ABDF59F00828F03 /* TableViewCell.m */; };
		A538B1A91ABE146300828F03 /* CoreLocation.framework in Frameworks */ = {isa = PBXBuildFile; fileRef = A538B1A81ABE146300828F03 /* CoreLocation.framework */; };
		A538B1AB1ABE3CE700828F03 /* Macnews_Notify.xcdatamodeld in Resources */ = {isa = PBXBuildFile; fileRef = A531F6C21AAAA09500F1BAAD /* Macnews_Notify.xcdatamodeld */; };
		A54397081ABBB232009290B4 /* MacnewsCore.h in Headers */ = {isa = PBXBuildFile; fileRef = A54397071ABBB232009290B4 /* MacnewsCore.h */; settings = {ATTRIBUTES = (Public, ); }; };
		A543971A1ABBB232009290B4 /* MacnewsCore.framework in Frameworks */ = {isa = PBXBuildFile; fileRef = A54397031ABBB232009290B4 /* MacnewsCore.framework */; };
		A543971B1ABBB232009290B4 /* MacnewsCore.framework in Embed Frameworks */ = {isa = PBXBuildFile; fileRef = A54397031ABBB232009290B4 /* MacnewsCore.framework */; settings = {ATTRIBUTES = (CodeSignOnCopy, RemoveHeadersOnCopy, ); }; };
		A54397371ABBB269009290B4 /* CoreDataStore.m in Sources */ = {isa = PBXBuildFile; fileRef = A543972F1ABBB269009290B4 /* CoreDataStore.m */; };
		A54397381ABBB269009290B4 /* DataStore.h in Headers */ = {isa = PBXBuildFile; fileRef = A54397301ABBB269009290B4 /* DataStore.h */; settings = {ATTRIBUTES = (Public, ); }; };
		A54397391ABBB269009290B4 /* DataStore.m in Sources */ = {isa = PBXBuildFile; fileRef = A54397311ABBB269009290B4 /* DataStore.m */; };
		A543973A1ABBB269009290B4 /* NSString+Hashes.h in Headers */ = {isa = PBXBuildFile; fileRef = A54397321ABBB269009290B4 /* NSString+Hashes.h */; settings = {ATTRIBUTES = (Public, ); }; };
		A543973B1ABBB269009290B4 /* NSString+Hashes.m in Sources */ = {isa = PBXBuildFile; fileRef = A54397331ABBB269009290B4 /* NSString+Hashes.m */; };
		A543973C1ABBB269009290B4 /* NSString+URL.h in Headers */ = {isa = PBXBuildFile; fileRef = A54397341ABBB269009290B4 /* NSString+URL.h */; settings = {ATTRIBUTES = (Public, ); }; };
		A543973D1ABBB269009290B4 /* NSString+URL.m in Sources */ = {isa = PBXBuildFile; fileRef = A54397351ABBB269009290B4 /* NSString+URL.m */; };
		A543973E1ABBB3AB009290B4 /* CoreDataStore.h in Headers */ = {isa = PBXBuildFile; fileRef = A543972E1ABBB269009290B4 /* CoreDataStore.h */; settings = {ATTRIBUTES = (Public, ); }; };
		A5468E371ABFD6E800F182B1 /* Macnews_Notify.xcdatamodeld in Resources */ = {isa = PBXBuildFile; fileRef = A531F6C21AAAA09500F1BAAD /* Macnews_Notify.xcdatamodeld */; };
/* End PBXBuildFile section */

/* Begin PBXContainerItemProxy section */
		A538B0D81ABD742E00828F03 /* PBXContainerItemProxy */ = {
			isa = PBXContainerItemProxy;
			containerPortal = A531F6B01AAAA09400F1BAAD /* Project object */;
			proxyType = 1;
			remoteGlobalIDString = A538B0CB1ABD742E00828F03;
			remoteInfo = "Recent-Widget";
		};
		A538B0F81ABD751300828F03 /* PBXContainerItemProxy */ = {
			isa = PBXContainerItemProxy;
			containerPortal = A531F6B01AAAA09400F1BAAD /* Project object */;
			proxyType = 1;
			remoteGlobalIDString = A538B0F51ABD751300828F03;
			remoteInfo = "Macnews Notify WatchKit App";
		};
		A538B1021ABD751300828F03 /* PBXContainerItemProxy */ = {
			isa = PBXContainerItemProxy;
			containerPortal = A531F6B01AAAA09400F1BAAD /* Project object */;
			proxyType = 1;
			remoteGlobalIDString = A538B0E31ABD751300828F03;
			remoteInfo = "Macnews Notify WatchKit Extension";
		};
		A538B1101ABD757D00828F03 /* PBXContainerItemProxy */ = {
			isa = PBXContainerItemProxy;
			containerPortal = A531F6B01AAAA09400F1BAAD /* Project object */;
			proxyType = 1;
			remoteGlobalIDString = A54397021ABBB232009290B4;
			remoteInfo = MacnewsCore;
		};
		A538B1551ABDE9FD00828F03 /* PBXContainerItemProxy */ = {
			isa = PBXContainerItemProxy;
			containerPortal = A531F6B01AAAA09400F1BAAD /* Project object */;
			proxyType = 1;
			remoteGlobalIDString = A538B13F1ABDE9FD00828F03;
			remoteInfo = MRProgress;
		};
		A54397181ABBB232009290B4 /* PBXContainerItemProxy */ = {
			isa = PBXContainerItemProxy;
			containerPortal = A531F6B01AAAA09400F1BAAD /* Project object */;
			proxyType = 1;
			remoteGlobalIDString = A54397021ABBB232009290B4;
			remoteInfo = MacnewsCore;
		};
/* End PBXContainerItemProxy section */

/* Begin PBXCopyFilesBuildPhase section */
		A538B0DE1ABD742E00828F03 /* Embed App Extensions */ = {
			isa = PBXCopyFilesBuildPhase;
			buildActionMask = 2147483647;
			dstPath = "";
			dstSubfolderSpec = 13;
			files = (
				A538B1041ABD751300828F03 /* Macnews Notify WatchKit Extension.appex in Embed App Extensions */,
				A538B0DA1ABD742E00828F03 /* Recent-Widget.appex in Embed App Extensions */,
			);
			name = "Embed App Extensions";
			runOnlyForDeploymentPostprocessing = 0;
		};
		A538B1121ABD757D00828F03 /* Embed Frameworks */ = {
			isa = PBXCopyFilesBuildPhase;
			buildActionMask = 2147483647;
			dstPath = "";
			dstSubfolderSpec = 10;
			files = (
				A538B10F1ABD757D00828F03 /* MacnewsCore.framework in Embed Frameworks */,
			);
			name = "Embed Frameworks";
			runOnlyForDeploymentPostprocessing = 0;
		};
		A54396EC1ABBAD26009290B4 /* Embed Frameworks */ = {
			isa = PBXCopyFilesBuildPhase;
			buildActionMask = 2147483647;
			dstPath = "";
			dstSubfolderSpec = 10;
			files = (
				A538B1581ABDE9FD00828F03 /* MRProgress.framework in Embed Frameworks */,
				A543971B1ABBB232009290B4 /* MacnewsCore.framework in Embed Frameworks */,
			);
			name = "Embed Frameworks";
			runOnlyForDeploymentPostprocessing = 0;
		};
/* End PBXCopyFilesBuildPhase section */

/* Begin PBXFileReference section */
		A5013D321AABDFDD000B585F /* Macnews Notify.entitlements */ = {isa = PBXFileReference; lastKnownFileType = text.xml; path = "Macnews Notify.entitlements"; sourceTree = "<group>"; };
		A5013D3A1AAC20CD000B585F /* SettingViewController.h */ = {isa = PBXFileReference; fileEncoding = 4; lastKnownFileType = sourcecode.c.h; path = SettingViewController.h; sourceTree = "<group>"; };
		A5013D3B1AAC20CD000B585F /* SettingViewController.m */ = {isa = PBXFileReference; fileEncoding = 4; lastKnownFileType = sourcecode.c.objc; path = SettingViewController.m; sourceTree = "<group>"; };
		A51231961ABFCD3800D3EA9C /* RowController.h */ = {isa = PBXFileReference; fileEncoding = 4; lastKnownFileType = sourcecode.c.h; path = RowController.h; sourceTree = "<group>"; };
		A51231971ABFCD3800D3EA9C /* RowController.m */ = {isa = PBXFileReference; fileEncoding = 4; lastKnownFileType = sourcecode.c.objc; path = RowController.m; sourceTree = "<group>"; };
		A5289F5B1ABFE64700F93353 /* InterfaceController.h */ = {isa = PBXFileReference; fileEncoding = 4; lastKnownFileType = sourcecode.c.h; path = InterfaceController.h; sourceTree = "<group>"; };
		A5289F5C1ABFE64700F93353 /* InterfaceController.m */ = {isa = PBXFileReference; fileEncoding = 4; lastKnownFileType = sourcecode.c.objc; path = InterfaceController.m; sourceTree = "<group>"; };
		A5289F5E1AC05B9600F93353 /* DetailInterfaceController.h */ = {isa = PBXFileReference; fileEncoding = 4; lastKnownFileType = sourcecode.c.h; path = DetailInterfaceController.h; sourceTree = "<group>"; };
		A5289F5F1AC05B9600F93353 /* DetailInterfaceController.m */ = {isa = PBXFileReference; fileEncoding = 4; lastKnownFileType = sourcecode.c.objc; path = DetailInterfaceController.m; sourceTree = "<group>"; };
		A531F6B81AAAA09500F1BAAD /* Macnews Notify.app */ = {isa = PBXFileReference; explicitFileType = wrapper.application; includeInIndex = 0; path = "Macnews Notify.app"; sourceTree = BUILT_PRODUCTS_DIR; };
		A531F6BC1AAAA09500F1BAAD /* Info.plist */ = {isa = PBXFileReference; lastKnownFileType = text.plist.xml; path = Info.plist; sourceTree = "<group>"; };
		A531F6BD1AAAA09500F1BAAD /* main.m */ = {isa = PBXFileReference; lastKnownFileType = sourcecode.c.objc; path = main.m; sourceTree = "<group>"; };
		A531F6BF1AAAA09500F1BAAD /* AppDelegate.h */ = {isa = PBXFileReference; lastKnownFileType = sourcecode.c.h; path = AppDelegate.h; sourceTree = "<group>"; };
		A531F6C01AAAA09500F1BAAD /* AppDelegate.m */ = {isa = PBXFileReference; lastKnownFileType = sourcecode.c.objc; path = AppDelegate.m; sourceTree = "<group>"; };
		A531F6C31AAAA09500F1BAAD /* Macnews_Notify.xcdatamodel */ = {isa = PBXFileReference; lastKnownFileType = wrapper.xcdatamodel; path = Macnews_Notify.xcdatamodel; sourceTree = "<group>"; };
		A531F6C51AAAA09500F1BAAD /* MasterViewController.h */ = {isa = PBXFileReference; lastKnownFileType = sourcecode.c.h; path = MasterViewController.h; sourceTree = "<group>"; };
		A531F6C61AAAA09500F1BAAD /* MasterViewController.m */ = {isa = PBXFileReference; lastKnownFileType = sourcecode.c.objc; path = MasterViewController.m; sourceTree = "<group>"; };
		A531F6C81AAAA09500F1BAAD /* DetailViewController.h */ = {isa = PBXFileReference; lastKnownFileType = sourcecode.c.h; path = DetailViewController.h; sourceTree = "<group>"; };
		A531F6C91AAAA09500F1BAAD /* DetailViewController.m */ = {isa = PBXFileReference; lastKnownFileType = sourcecode.c.objc; path = DetailViewController.m; sourceTree = "<group>"; };
		A531F6CE1AAAA09500F1BAAD /* Images.xcassets */ = {isa = PBXFileReference; lastKnownFileType = folder.assetcatalog; path = Images.xcassets; sourceTree = "<group>"; };
		A531F6D11AAAA09500F1BAAD /* Base */ = {isa = PBXFileReference; lastKnownFileType = file.xib; name = Base; path = Base.lproj/LaunchScreen.xib; sourceTree = "<group>"; };
		A531F73E1AAAAD1700F1BAAD /* en */ = {isa = PBXFileReference; lastKnownFileType = text.plist.strings; name = en; path = en.lproj/TUSafariActivity.strings; sourceTree = "<group>"; };
		A531F7401AAAAD1E00F1BAAD /* cs */ = {isa = PBXFileReference; lastKnownFileType = text.plist.strings; name = cs; path = cs.lproj/TUSafariActivity.strings; sourceTree = "<group>"; };
		A531F7411AAAAD2100F1BAAD /* de */ = {isa = PBXFileReference; lastKnownFileType = text.plist.strings; name = de; path = de.lproj/TUSafariActivity.strings; sourceTree = "<group>"; };
		A531F7421AAAAD2300F1BAAD /* es */ = {isa = PBXFileReference; lastKnownFileType = text.plist.strings; name = es; path = es.lproj/TUSafariActivity.strings; sourceTree = "<group>"; };
		A531F7431AAAAD2400F1BAAD /* eu */ = {isa = PBXFileReference; lastKnownFileType = text.plist.strings; name = eu; path = eu.lproj/TUSafariActivity.strings; sourceTree = "<group>"; };
		A531F7441AAAAD2600F1BAAD /* fi */ = {isa = PBXFileReference; lastKnownFileType = text.plist.strings; name = fi; path = fi.lproj/TUSafariActivity.strings; sourceTree = "<group>"; };
		A531F7451AAAAD2B00F1BAAD /* zh-Hans */ = {isa = PBXFileReference; lastKnownFileType = text.plist.strings; name = "zh-Hans"; path = "zh-Hans.lproj/TUSafariActivity.strings"; sourceTree = "<group>"; };
		A531F7461AAAAD2D00F1BAAD /* vi */ = {isa = PBXFileReference; lastKnownFileType = text.plist.strings; name = vi; path = vi.lproj/TUSafariActivity.strings; sourceTree = "<group>"; };
		A531F7471AAAAD2F00F1BAAD /* sv */ = {isa = PBXFileReference; lastKnownFileType = text.plist.strings; name = sv; path = sv.lproj/TUSafariActivity.strings; sourceTree = "<group>"; };
		A531F7481AAAAD3300F1BAAD /* sk */ = {isa = PBXFileReference; lastKnownFileType = text.plist.strings; name = sk; path = sk.lproj/TUSafariActivity.strings; sourceTree = "<group>"; };
		A531F7491AAAAD3500F1BAAD /* ru */ = {isa = PBXFileReference; lastKnownFileType = text.plist.strings; name = ru; path = ru.lproj/TUSafariActivity.strings; sourceTree = "<group>"; };
		A531F74A1AAAAD3700F1BAAD /* pt */ = {isa = PBXFileReference; lastKnownFileType = text.plist.strings; name = pt; path = pt.lproj/TUSafariActivity.strings; sourceTree = "<group>"; };
		A531F74B1AAAAD3900F1BAAD /* pl */ = {isa = PBXFileReference; lastKnownFileType = text.plist.strings; name = pl; path = pl.lproj/TUSafariActivity.strings; sourceTree = "<group>"; };
		A531F74C1AAAAD3A00F1BAAD /* nb */ = {isa = PBXFileReference; lastKnownFileType = text.plist.strings; name = nb; path = nb.lproj/TUSafariActivity.strings; sourceTree = "<group>"; };
		A531F74D1AAAAD3C00F1BAAD /* nl */ = {isa = PBXFileReference; lastKnownFileType = text.plist.strings; name = nl; path = nl.lproj/TUSafariActivity.strings; sourceTree = "<group>"; };
		A531F74E1AAAAD3D00F1BAAD /* ko */ = {isa = PBXFileReference; lastKnownFileType = text.plist.strings; name = ko; path = ko.lproj/TUSafariActivity.strings; sourceTree = "<group>"; };
		A531F74F1AAAAD3F00F1BAAD /* ja */ = {isa = PBXFileReference; lastKnownFileType = text.plist.strings; name = ja; path = ja.lproj/TUSafariActivity.strings; sourceTree = "<group>"; };
		A531F7501AAAAD4000F1BAAD /* it */ = {isa = PBXFileReference; lastKnownFileType = text.plist.strings; name = it; path = it.lproj/TUSafariActivity.strings; sourceTree = "<group>"; };
		A531F7511AAAAD4200F1BAAD /* fr */ = {isa = PBXFileReference; lastKnownFileType = text.plist.strings; name = fr; path = fr.lproj/TUSafariActivity.strings; sourceTree = "<group>"; };
		A531F7521AAAAD6900F1BAAD /* TUSafariActivity.h */ = {isa = PBXFileReference; fileEncoding = 4; lastKnownFileType = sourcecode.c.h; path = TUSafariActivity.h; sourceTree = "<group>"; };
		A531F7531AAAAD6900F1BAAD /* TUSafariActivity.m */ = {isa = PBXFileReference; fileEncoding = 4; lastKnownFileType = sourcecode.c.objc; path = TUSafariActivity.m; sourceTree = "<group>"; };
		A538B0CC1ABD742E00828F03 /* Recent-Widget.appex */ = {isa = PBXFileReference; explicitFileType = "wrapper.app-extension"; includeInIndex = 0; path = "Recent-Widget.appex"; sourceTree = BUILT_PRODUCTS_DIR; };
		A538B0CE1ABD742E00828F03 /* NotificationCenter.framework */ = {isa = PBXFileReference; lastKnownFileType = wrapper.framework; name = NotificationCenter.framework; path = System/Library/Frameworks/NotificationCenter.framework; sourceTree = SDKROOT; };
		A538B0D21ABD742E00828F03 /* Info.plist */ = {isa = PBXFileReference; lastKnownFileType = text.plist.xml; path = Info.plist; sourceTree = "<group>"; };
		A538B0D31ABD742E00828F03 /* TodayViewController.h */ = {isa = PBXFileReference; lastKnownFileType = sourcecode.c.h; path = TodayViewController.h; sourceTree = "<group>"; };
		A538B0D41ABD742E00828F03 /* TodayViewController.m */ = {isa = PBXFileReference; lastKnownFileType = sourcecode.c.objc; path = TodayViewController.m; sourceTree = "<group>"; };
		A538B0D61ABD742E00828F03 /* MainInterface.storyboard */ = {isa = PBXFileReference; lastKnownFileType = file.storyboard; path = MainInterface.storyboard; sourceTree = "<group>"; };
		A538B0E41ABD751300828F03 /* Macnews Notify WatchKit Extension.appex */ = {isa = PBXFileReference; explicitFileType = "wrapper.app-extension"; includeInIndex = 0; path = "Macnews Notify WatchKit Extension.appex"; sourceTree = BUILT_PRODUCTS_DIR; };
		A538B0E71ABD751300828F03 /* Info.plist */ = {isa = PBXFileReference; lastKnownFileType = text.plist.xml; path = Info.plist; sourceTree = "<group>"; };
		A538B0E81ABD751300828F03 /* PushNotificationPayload.apns */ = {isa = PBXFileReference; lastKnownFileType = text; path = PushNotificationPayload.apns; sourceTree = "<group>"; };
		A538B0E91ABD751300828F03 /* TableController.h */ = {isa = PBXFileReference; lastKnownFileType = sourcecode.c.h; path = TableController.h; sourceTree = "<group>"; };
		A538B0EA1ABD751300828F03 /* TableController.m */ = {isa = PBXFileReference; lastKnownFileType = sourcecode.c.objc; path = TableController.m; sourceTree = "<group>"; };
		A538B0EC1ABD751300828F03 /* NotificationController.h */ = {isa = PBXFileReference; lastKnownFileType = sourcecode.c.h; path = NotificationController.h; sourceTree = "<group>"; };
		A538B0ED1ABD751300828F03 /* NotificationController.m */ = {isa = PBXFileReference; lastKnownFileType = sourcecode.c.objc; path = NotificationController.m; sourceTree = "<group>"; };
		A538B0EF1ABD751300828F03 /* GlanceController.h */ = {isa = PBXFileReference; lastKnownFileType = sourcecode.c.h; path = GlanceController.h; sourceTree = "<group>"; };
		A538B0F01ABD751300828F03 /* GlanceController.m */ = {isa = PBXFileReference; lastKnownFileType = sourcecode.c.objc; path = GlanceController.m; sourceTree = "<group>"; };
		A538B0F21ABD751300828F03 /* Images.xcassets */ = {isa = PBXFileReference; lastKnownFileType = folder.assetcatalog; path = Images.xcassets; sourceTree = "<group>"; };
		A538B0F61ABD751300828F03 /* Macnews Notify WatchKit App.app */ = {isa = PBXFileReference; explicitFileType = wrapper.application; includeInIndex = 0; path = "Macnews Notify WatchKit App.app"; sourceTree = BUILT_PRODUCTS_DIR; };
		A538B0FC1ABD751300828F03 /* Info.plist */ = {isa = PBXFileReference; lastKnownFileType = text.plist.xml; path = Info.plist; sourceTree = "<group>"; };
		A538B0FE1ABD751300828F03 /* Base */ = {isa = PBXFileReference; lastKnownFileType = file.storyboard; name = Base; path = Base.lproj/Interface.storyboard; sourceTree = "<group>"; };
		A538B1001ABD751300828F03 /* Images.xcassets */ = {isa = PBXFileReference; lastKnownFileType = folder.assetcatalog; path = Images.xcassets; sourceTree = "<group>"; };
		A538B1131ABDC54100828F03 /* UIMutableUserNotificationAction+Simple.h */ = {isa = PBXFileReference; fileEncoding = 4; lastKnownFileType = sourcecode.c.h; path = "UIMutableUserNotificationAction+Simple.h"; sourceTree = "<group>"; };
		A538B1141ABDC54100828F03 /* UIMutableUserNotificationAction+Simple.m */ = {isa = PBXFileReference; fileEncoding = 4; lastKnownFileType = sourcecode.c.objc; path = "UIMutableUserNotificationAction+Simple.m"; sourceTree = "<group>"; };
		A538B1401ABDE9FD00828F03 /* MRProgress.framework */ = {isa = PBXFileReference; explicitFileType = wrapper.framework; includeInIndex = 0; path = MRProgress.framework; sourceTree = BUILT_PRODUCTS_DIR; };
		A538B1431ABDE9FD00828F03 /* Info.plist */ = {isa = PBXFileReference; lastKnownFileType = text.plist.xml; path = Info.plist; sourceTree = "<group>"; };
		A538B1441ABDE9FD00828F03 /* MRProgress.h */ = {isa = PBXFileReference; lastKnownFileType = sourcecode.c.h; path = MRProgress.h; sourceTree = "<group>"; };
		A538B1601ABDEA3B00828F03 /* MRBlurView.h */ = {isa = PBXFileReference; fileEncoding = 4; lastKnownFileType = sourcecode.c.h; path = MRBlurView.h; sourceTree = "<group>"; };
		A538B1611ABDEA3B00828F03 /* MRBlurView.m */ = {isa = PBXFileReference; fileEncoding = 4; lastKnownFileType = sourcecode.c.objc; path = MRBlurView.m; sourceTree = "<group>"; };
		A538B1621ABDEA3B00828F03 /* UIImage+MRImageEffects.h */ = {isa = PBXFileReference; fileEncoding = 4; lastKnownFileType = sourcecode.c.h; path = "UIImage+MRImageEffects.h"; sourceTree = "<group>"; };
		A538B1631ABDEA3B00828F03 /* UIImage+MRImageEffects.m */ = {isa = PBXFileReference; fileEncoding = 4; lastKnownFileType = sourcecode.c.objc; path = "UIImage+MRImageEffects.m"; sourceTree = "<group>"; };
		A538B1691ABDEA5900828F03 /* MRActivityIndicatorView.h */ = {isa = PBXFileReference; fileEncoding = 4; lastKnownFileType = sourcecode.c.h; path = MRActivityIndicatorView.h; sourceTree = "<group>"; };
		A538B16A1ABDEA5900828F03 /* MRActivityIndicatorView.m */ = {isa = PBXFileReference; fileEncoding = 4; lastKnownFileType = sourcecode.c.objc; path = MRActivityIndicatorView.m; sourceTree = "<group>"; };
		A538B16B1ABDEA5900828F03 /* MRCircularProgressView.h */ = {isa = PBXFileReference; fileEncoding = 4; lastKnownFileType = sourcecode.c.h; path = MRCircularProgressView.h; sourceTree = "<group>"; };
		A538B16C1ABDEA5900828F03 /* MRCircularProgressView.m */ = {isa = PBXFileReference; fileEncoding = 4; lastKnownFileType = sourcecode.c.objc; path = MRCircularProgressView.m; sourceTree = "<group>"; };
		A538B16D1ABDEA5900828F03 /* MRIconView.h */ = {isa = PBXFileReference; fileEncoding = 4; lastKnownFileType = sourcecode.c.h; path = MRIconView.h; sourceTree = "<group>"; };
		A538B16E1ABDEA5900828F03 /* MRIconView.m */ = {isa = PBXFileReference; fileEncoding = 4; lastKnownFileType = sourcecode.c.objc; path = MRIconView.m; sourceTree = "<group>"; };
		A538B16F1ABDEA5900828F03 /* MRNavigationBarProgressView.h */ = {isa = PBXFileReference; fileEncoding = 4; lastKnownFileType = sourcecode.c.h; path = MRNavigationBarProgressView.h; sourceTree = "<group>"; };
		A538B1701ABDEA5900828F03 /* MRNavigationBarProgressView.m */ = {isa = PBXFileReference; fileEncoding = 4; lastKnownFileType = sourcecode.c.objc; path = MRNavigationBarProgressView.m; sourceTree = "<group>"; };
		A538B1711ABDEA5900828F03 /* MRProgressOverlayView.h */ = {isa = PBXFileReference; fileEncoding = 4; lastKnownFileType = sourcecode.c.h; path = MRProgressOverlayView.h; sourceTree = "<group>"; };
		A538B1721ABDEA5900828F03 /* MRProgressOverlayView.m */ = {isa = PBXFileReference; fileEncoding = 4; lastKnownFileType = sourcecode.c.objc; path = MRProgressOverlayView.m; sourceTree = "<group>"; };
		A538B1731ABDEA5900828F03 /* MRProgressView.h */ = {isa = PBXFileReference; fileEncoding = 4; lastKnownFileType = sourcecode.c.h; path = MRProgressView.h; sourceTree = "<group>"; };
		A538B1741ABDEA5900828F03 /* MRProgressView.m */ = {isa = PBXFileReference; fileEncoding = 4; lastKnownFileType = sourcecode.c.objc; path = MRProgressView.m; sourceTree = "<group>"; };
		A538B1751ABDEA5900828F03 /* MRStopableView.h */ = {isa = PBXFileReference; fileEncoding = 4; lastKnownFileType = sourcecode.c.h; path = MRStopableView.h; sourceTree = "<group>"; };
		A538B1761ABDEA5900828F03 /* MRStopButton.h */ = {isa = PBXFileReference; fileEncoding = 4; lastKnownFileType = sourcecode.c.h; path = MRStopButton.h; sourceTree = "<group>"; };
		A538B1771ABDEA5900828F03 /* MRStopButton.m */ = {isa = PBXFileReference; fileEncoding = 4; lastKnownFileType = sourcecode.c.objc; path = MRStopButton.m; sourceTree = "<group>"; };
		A538B1961ABDEA6D00828F03 /* MRMessageInterceptor.h */ = {isa = PBXFileReference; fileEncoding = 4; lastKnownFileType = sourcecode.c.h; path = MRMessageInterceptor.h; sourceTree = "<group>"; };
		A538B1971ABDEA6D00828F03 /* MRMessageInterceptor.m */ = {isa = PBXFileReference; fileEncoding = 4; lastKnownFileType = sourcecode.c.objc; path = MRMessageInterceptor.m; sourceTree = "<group>"; };
		A538B1981ABDEA6D00828F03 /* MRMethodCopier.h */ = {isa = PBXFileReference; fileEncoding = 4; lastKnownFileType = sourcecode.c.h; path = MRMethodCopier.h; sourceTree = "<group>"; };
		A538B1991ABDEA6D00828F03 /* MRMethodCopier.m */ = {isa = PBXFileReference; fileEncoding = 4; lastKnownFileType = sourcecode.c.objc; path = MRMethodCopier.m; sourceTree = "<group>"; };
		A538B19A1ABDEA6D00828F03 /* MRProgressHelper.h */ = {isa = PBXFileReference; fileEncoding = 4; lastKnownFileType = sourcecode.c.h; path = MRProgressHelper.h; sourceTree = "<group>"; };
		A538B19B1ABDEA6D00828F03 /* MRWeakProxy.h */ = {isa = PBXFileReference; fileEncoding = 4; lastKnownFileType = sourcecode.c.h; path = MRWeakProxy.h; sourceTree = "<group>"; };
		A538B19C1ABDEA6D00828F03 /* MRWeakProxy.m */ = {isa = PBXFileReference; fileEncoding = 4; lastKnownFileType = sourcecode.c.objc; path = MRWeakProxy.m; sourceTree = "<group>"; };
		A538B1A51ABDF59F00828F03 /* TableViewCell.h */ = {isa = PBXFileReference; fileEncoding = 4; lastKnownFileType = sourcecode.c.h; path = TableViewCell.h; sourceTree = "<group>"; };
		A538B1A61ABDF59F00828F03 /* TableViewCell.m */ = {isa = PBXFileReference; fileEncoding = 4; lastKnownFileType = sourcecode.c.objc; path = TableViewCell.m; sourceTree = "<group>"; };
		A538B1A81ABE146300828F03 /* CoreLocation.framework */ = {isa = PBXFileReference; lastKnownFileType = wrapper.framework; name = CoreLocation.framework; path = System/Library/Frameworks/CoreLocation.framework; sourceTree = SDKROOT; };
		A538B1AA1ABE3C5500828F03 /* Recent-Widget.entitlements */ = {isa = PBXFileReference; lastKnownFileType = text.xml; path = "Recent-Widget.entitlements"; sourceTree = "<group>"; };
		A54397031ABBB232009290B4 /* MacnewsCore.framework */ = {isa = PBXFileReference; explicitFileType = wrapper.framework; includeInIndex = 0; path = MacnewsCore.framework; sourceTree = BUILT_PRODUCTS_DIR; };
		A54397061ABBB232009290B4 /* Info.plist */ = {isa = PBXFileReference; lastKnownFileType = text.plist.xml; path = Info.plist; sourceTree = "<group>"; };
		A54397071ABBB232009290B4 /* MacnewsCore.h */ = {isa = PBXFileReference; lastKnownFileType = sourcecode.c.h; path = MacnewsCore.h; sourceTree = "<group>"; };
		A543972E1ABBB269009290B4 /* CoreDataStore.h */ = {isa = PBXFileReference; fileEncoding = 4; lastKnownFileType = sourcecode.c.h; path = CoreDataStore.h; sourceTree = "<group>"; };
		A543972F1ABBB269009290B4 /* CoreDataStore.m */ = {isa = PBXFileReference; fileEncoding = 4; lastKnownFileType = sourcecode.c.objc; path = CoreDataStore.m; sourceTree = "<group>"; };
		A54397301ABBB269009290B4 /* DataStore.h */ = {isa = PBXFileReference; fileEncoding = 4; lastKnownFileType = sourcecode.c.h; path = DataStore.h; sourceTree = "<group>"; };
		A54397311ABBB269009290B4 /* DataStore.m */ = {isa = PBXFileReference; fileEncoding = 4; lastKnownFileType = sourcecode.c.objc; path = DataStore.m; sourceTree = "<group>"; };
		A54397321ABBB269009290B4 /* NSString+Hashes.h */ = {isa = PBXFileReference; fileEncoding = 4; lastKnownFileType = sourcecode.c.h; path = "NSString+Hashes.h"; sourceTree = "<group>"; };
		A54397331ABBB269009290B4 /* NSString+Hashes.m */ = {isa = PBXFileReference; fileEncoding = 4; lastKnownFileType = sourcecode.c.objc; path = "NSString+Hashes.m"; sourceTree = "<group>"; };
		A54397341ABBB269009290B4 /* NSString+URL.h */ = {isa = PBXFileReference; fileEncoding = 4; lastKnownFileType = sourcecode.c.h; path = "NSString+URL.h"; sourceTree = "<group>"; };
		A54397351ABBB269009290B4 /* NSString+URL.m */ = {isa = PBXFileReference; fileEncoding = 4; lastKnownFileType = sourcecode.c.objc; path = "NSString+URL.m"; sourceTree = "<group>"; };
		A5468E361ABFD6A100F182B1 /* Macnews Notify WatchKit Extension.entitlements */ = {isa = PBXFileReference; lastKnownFileType = text.xml; path = "Macnews Notify WatchKit Extension.entitlements"; sourceTree = "<group>"; };
		A5C419121AACD73800BDA124 /* Base */ = {isa = PBXFileReference; lastKnownFileType = file.storyboard; name = Base; path = Base.lproj/Main.storyboard; sourceTree = "<group>"; };
/* End PBXFileReference section */

/* Begin PBXFrameworksBuildPhase section */
		A531F6B51AAAA09400F1BAAD /* Frameworks */ = {
			isa = PBXFrameworksBuildPhase;
			buildActionMask = 2147483647;
			files = (
				A538B1A91ABE146300828F03 /* CoreLocation.framework in Frameworks */,
				A538B1571ABDE9FD00828F03 /* MRProgress.framework in Frameworks */,
				A543971A1ABBB232009290B4 /* MacnewsCore.framework in Frameworks */,
			);
			runOnlyForDeploymentPostprocessing = 0;
		};
		A538B0C91ABD742E00828F03 /* Frameworks */ = {
			isa = PBXFrameworksBuildPhase;
			buildActionMask = 2147483647;
			files = (
				A538B0DF1ABD748100828F03 /* MacnewsCore.framework in Frameworks */,
				A538B0CF1ABD742E00828F03 /* NotificationCenter.framework in Frameworks */,
			);
			runOnlyForDeploymentPostprocessing = 0;
		};
		A538B0E11ABD751300828F03 /* Frameworks */ = {
			isa = PBXFrameworksBuildPhase;
			buildActionMask = 2147483647;
			files = (
				A538B10E1ABD757D00828F03 /* MacnewsCore.framework in Frameworks */,
			);
			runOnlyForDeploymentPostprocessing = 0;
		};
		A538B13C1ABDE9FD00828F03 /* Frameworks */ = {
			isa = PBXFrameworksBuildPhase;
			buildActionMask = 2147483647;
			files = (
			);
			runOnlyForDeploymentPostprocessing = 0;
		};
		A54396FF1ABBB232009290B4 /* Frameworks */ = {
			isa = PBXFrameworksBuildPhase;
			buildActionMask = 2147483647;
			files = (
			);
			runOnlyForDeploymentPostprocessing = 0;
		};
/* End PBXFrameworksBuildPhase section */

/* Begin PBXGroup section */
		A531F6AF1AAAA09400F1BAAD = {
			isa = PBXGroup;
			children = (
				A531F6BA1AAAA09500F1BAAD /* Macnews Notify */,
				A54397041ABBB232009290B4 /* MacnewsCore */,
				A538B0D01ABD742E00828F03 /* Recent-Widget */,
				A538B0E51ABD751300828F03 /* Macnews Notify WatchKit Extension */,
				A538B0FA1ABD751300828F03 /* Macnews Notify WatchKit App */,
				A538B0CD1ABD742E00828F03 /* Frameworks */,
				A531F6B91AAAA09500F1BAAD /* Products */,
			);
			sourceTree = "<group>";
		};
		A531F6B91AAAA09500F1BAAD /* Products */ = {
			isa = PBXGroup;
			children = (
				A531F6B81AAAA09500F1BAAD /* Macnews Notify.app */,
				A54397031ABBB232009290B4 /* MacnewsCore.framework */,
				A538B0CC1ABD742E00828F03 /* Recent-Widget.appex */,
				A538B0E41ABD751300828F03 /* Macnews Notify WatchKit Extension.appex */,
				A538B0F61ABD751300828F03 /* Macnews Notify WatchKit App.app */,
				A538B1401ABDE9FD00828F03 /* MRProgress.framework */,
			);
			name = Products;
			sourceTree = "<group>";
		};
		A531F6BA1AAAA09500F1BAAD /* Macnews Notify */ = {
			isa = PBXGroup;
			children = (
				A531F6E71AAAAAA600F1BAAD /* Library */,
				A531F6BF1AAAA09500F1BAAD /* AppDelegate.h */,
				A531F6C01AAAA09500F1BAAD /* AppDelegate.m */,
				A531F6C51AAAA09500F1BAAD /* MasterViewController.h */,
				A531F6C61AAAA09500F1BAAD /* MasterViewController.m */,
				A531F6C81AAAA09500F1BAAD /* DetailViewController.h */,
				A531F6C91AAAA09500F1BAAD /* DetailViewController.m */,
				A5013D3A1AAC20CD000B585F /* SettingViewController.h */,
				A5013D3B1AAC20CD000B585F /* SettingViewController.m */,
				A531F6CB1AAAA09500F1BAAD /* Main.storyboard */,
				A531F6CE1AAAA09500F1BAAD /* Images.xcassets */,
				A531F6BB1AAAA09500F1BAAD /* Supporting Files */,
			);
			path = "Macnews Notify";
			sourceTree = "<group>";
		};
		A531F6BB1AAAA09500F1BAAD /* Supporting Files */ = {
			isa = PBXGroup;
			children = (
				A531F6D01AAAA09500F1BAAD /* LaunchScreen.xib */,
				A531F6C21AAAA09500F1BAAD /* Macnews_Notify.xcdatamodeld */,
				A5013D321AABDFDD000B585F /* Macnews Notify.entitlements */,
				A531F73D1AAAAD1700F1BAAD /* TUSafariActivity.strings */,
				A531F6BC1AAAA09500F1BAAD /* Info.plist */,
				A531F6BD1AAAA09500F1BAAD /* main.m */,
			);
			name = "Supporting Files";
			sourceTree = "<group>";
		};
		A531F6E71AAAAAA600F1BAAD /* Library */ = {
			isa = PBXGroup;
			children = (
				A531F7521AAAAD6900F1BAAD /* TUSafariActivity.h */,
				A531F7531AAAAD6900F1BAAD /* TUSafariActivity.m */,
				A538B1A51ABDF59F00828F03 /* TableViewCell.h */,
				A538B1A61ABDF59F00828F03 /* TableViewCell.m */,
			);
			name = Library;
			sourceTree = "<group>";
		};
		A538B0CD1ABD742E00828F03 /* Frameworks */ = {
			isa = PBXGroup;
			children = (
				A538B1411ABDE9FD00828F03 /* MRProgress */,
				A538B1A81ABE146300828F03 /* CoreLocation.framework */,
				A538B0CE1ABD742E00828F03 /* NotificationCenter.framework */,
			);
			name = Frameworks;
			sourceTree = "<group>";
		};
		A538B0D01ABD742E00828F03 /* Recent-Widget */ = {
			isa = PBXGroup;
			children = (
				A538B1AA1ABE3C5500828F03 /* Recent-Widget.entitlements */,
				A538B0D31ABD742E00828F03 /* TodayViewController.h */,
				A538B0D41ABD742E00828F03 /* TodayViewController.m */,
				A538B0D61ABD742E00828F03 /* MainInterface.storyboard */,
				A538B0D11ABD742E00828F03 /* Supporting Files */,
			);
			path = "Recent-Widget";
			sourceTree = "<group>";
		};
		A538B0D11ABD742E00828F03 /* Supporting Files */ = {
			isa = PBXGroup;
			children = (
				A538B0D21ABD742E00828F03 /* Info.plist */,
			);
			name = "Supporting Files";
			sourceTree = "<group>";
		};
		A538B0E51ABD751300828F03 /* Macnews Notify WatchKit Extension */ = {
			isa = PBXGroup;
			children = (
				A5468E361ABFD6A100F182B1 /* Macnews Notify WatchKit Extension.entitlements */,
				A5289F5B1ABFE64700F93353 /* InterfaceController.h */,
				A5289F5C1ABFE64700F93353 /* InterfaceController.m */,
				A538B0E91ABD751300828F03 /* TableController.h */,
				A538B0EA1ABD751300828F03 /* TableController.m */,
				A51231961ABFCD3800D3EA9C /* RowController.h */,
				A51231971ABFCD3800D3EA9C /* RowController.m */,
				A5289F5E1AC05B9600F93353 /* DetailInterfaceController.h */,
				A5289F5F1AC05B9600F93353 /* DetailInterfaceController.m */,
				A538B0EF1ABD751300828F03 /* GlanceController.h */,
				A538B0F01ABD751300828F03 /* GlanceController.m */,
				A538B0EC1ABD751300828F03 /* NotificationController.h */,
				A538B0ED1ABD751300828F03 /* NotificationController.m */,
				A538B0F21ABD751300828F03 /* Images.xcassets */,
				A538B0E61ABD751300828F03 /* Supporting Files */,
			);
			path = "Macnews Notify WatchKit Extension";
			sourceTree = "<group>";
		};
		A538B0E61ABD751300828F03 /* Supporting Files */ = {
			isa = PBXGroup;
			children = (
				A538B0E71ABD751300828F03 /* Info.plist */,
				A538B0E81ABD751300828F03 /* PushNotificationPayload.apns */,
			);
			name = "Supporting Files";
			sourceTree = "<group>";
		};
		A538B0FA1ABD751300828F03 /* Macnews Notify WatchKit App */ = {
			isa = PBXGroup;
			children = (
				A538B0FD1ABD751300828F03 /* Interface.storyboard */,
				A538B1001ABD751300828F03 /* Images.xcassets */,
				A538B0FB1ABD751300828F03 /* Supporting Files */,
			);
			path = "Macnews Notify WatchKit App";
			sourceTree = "<group>";
		};
		A538B0FB1ABD751300828F03 /* Supporting Files */ = {
			isa = PBXGroup;
			children = (
				A538B0FC1ABD751300828F03 /* Info.plist */,
			);
			name = "Supporting Files";
			sourceTree = "<group>";
		};
		A538B1411ABDE9FD00828F03 /* MRProgress */ = {
			isa = PBXGroup;
			children = (
				A538B1441ABDE9FD00828F03 /* MRProgress.h */,
				A538B15F1ABDEA3B00828F03 /* Blur */,
				A538B1681ABDEA5900828F03 /* Components */,
				A538B1951ABDEA6D00828F03 /* Utils */,
				A538B1421ABDE9FD00828F03 /* Supporting Files */,
			);
			path = MRProgress;
			sourceTree = "<group>";
		};
		A538B1421ABDE9FD00828F03 /* Supporting Files */ = {
			isa = PBXGroup;
			children = (
				A538B1431ABDE9FD00828F03 /* Info.plist */,
			);
			name = "Supporting Files";
			sourceTree = "<group>";
		};
		A538B15F1ABDEA3B00828F03 /* Blur */ = {
			isa = PBXGroup;
			children = (
				A538B1601ABDEA3B00828F03 /* MRBlurView.h */,
				A538B1611ABDEA3B00828F03 /* MRBlurView.m */,
				A538B1621ABDEA3B00828F03 /* UIImage+MRImageEffects.h */,
				A538B1631ABDEA3B00828F03 /* UIImage+MRImageEffects.m */,
			);
			path = Blur;
			sourceTree = "<group>";
		};
		A538B1681ABDEA5900828F03 /* Components */ = {
			isa = PBXGroup;
			children = (
				A538B1691ABDEA5900828F03 /* MRActivityIndicatorView.h */,
				A538B16A1ABDEA5900828F03 /* MRActivityIndicatorView.m */,
				A538B16B1ABDEA5900828F03 /* MRCircularProgressView.h */,
				A538B16C1ABDEA5900828F03 /* MRCircularProgressView.m */,
				A538B16D1ABDEA5900828F03 /* MRIconView.h */,
				A538B16E1ABDEA5900828F03 /* MRIconView.m */,
				A538B16F1ABDEA5900828F03 /* MRNavigationBarProgressView.h */,
				A538B1701ABDEA5900828F03 /* MRNavigationBarProgressView.m */,
				A538B1711ABDEA5900828F03 /* MRProgressOverlayView.h */,
				A538B1721ABDEA5900828F03 /* MRProgressOverlayView.m */,
				A538B1731ABDEA5900828F03 /* MRProgressView.h */,
				A538B1741ABDEA5900828F03 /* MRProgressView.m */,
				A538B1751ABDEA5900828F03 /* MRStopableView.h */,
				A538B1761ABDEA5900828F03 /* MRStopButton.h */,
				A538B1771ABDEA5900828F03 /* MRStopButton.m */,
			);
			path = Components;
			sourceTree = "<group>";
		};
		A538B1951ABDEA6D00828F03 /* Utils */ = {
			isa = PBXGroup;
			children = (
				A538B1961ABDEA6D00828F03 /* MRMessageInterceptor.h */,
				A538B1971ABDEA6D00828F03 /* MRMessageInterceptor.m */,
				A538B1981ABDEA6D00828F03 /* MRMethodCopier.h */,
				A538B1991ABDEA6D00828F03 /* MRMethodCopier.m */,
				A538B19A1ABDEA6D00828F03 /* MRProgressHelper.h */,
				A538B19B1ABDEA6D00828F03 /* MRWeakProxy.h */,
				A538B19C1ABDEA6D00828F03 /* MRWeakProxy.m */,
			);
			path = Utils;
			sourceTree = "<group>";
		};
		A54397041ABBB232009290B4 /* MacnewsCore */ = {
			isa = PBXGroup;
			children = (
				A54397071ABBB232009290B4 /* MacnewsCore.h */,
				A543972E1ABBB269009290B4 /* CoreDataStore.h */,
				A543972F1ABBB269009290B4 /* CoreDataStore.m */,
				A54397301ABBB269009290B4 /* DataStore.h */,
				A54397311ABBB269009290B4 /* DataStore.m */,
				A54397321ABBB269009290B4 /* NSString+Hashes.h */,
				A54397331ABBB269009290B4 /* NSString+Hashes.m */,
				A54397341ABBB269009290B4 /* NSString+URL.h */,
				A54397351ABBB269009290B4 /* NSString+URL.m */,
				A538B1131ABDC54100828F03 /* UIMutableUserNotificationAction+Simple.h */,
				A538B1141ABDC54100828F03 /* UIMutableUserNotificationAction+Simple.m */,
				A54397051ABBB232009290B4 /* Supporting Files */,
			);
			path = MacnewsCore;
			sourceTree = "<group>";
		};
		A54397051ABBB232009290B4 /* Supporting Files */ = {
			isa = PBXGroup;
			children = (
				A54397061ABBB232009290B4 /* Info.plist */,
			);
			name = "Supporting Files";
			sourceTree = "<group>";
		};
/* End PBXGroup section */

/* Begin PBXHeadersBuildPhase section */
		A538B13D1ABDE9FD00828F03 /* Headers */ = {
			isa = PBXHeadersBuildPhase;
			buildActionMask = 2147483647;
			files = (
				A538B1451ABDE9FD00828F03 /* MRProgress.h in Headers */,
				A538B17A1ABDEA5900828F03 /* MRCircularProgressView.h in Headers */,
				A538B1A21ABDEA6D00828F03 /* MRWeakProxy.h in Headers */,
				A538B1661ABDEA3B00828F03 /* UIImage+MRImageEffects.h in Headers */,
				A538B17C1ABDEA5900828F03 /* MRIconView.h in Headers */,
				A538B1821ABDEA5900828F03 /* MRProgressView.h in Headers */,
				A538B1A11ABDEA6D00828F03 /* MRProgressHelper.h in Headers */,
				A538B17E1ABDEA5900828F03 /* MRNavigationBarProgressView.h in Headers */,
				A538B19F1ABDEA6D00828F03 /* MRMethodCopier.h in Headers */,
				A538B1841ABDEA5900828F03 /* MRStopableView.h in Headers */,
				A538B1851ABDEA5900828F03 /* MRStopButton.h in Headers */,
				A538B1641ABDEA3B00828F03 /* MRBlurView.h in Headers */,
				A538B1801ABDEA5900828F03 /* MRProgressOverlayView.h in Headers */,
				A538B19D1ABDEA6D00828F03 /* MRMessageInterceptor.h in Headers */,
				A538B1781ABDEA5900828F03 /* MRActivityIndicatorView.h in Headers */,
			);
			runOnlyForDeploymentPostprocessing = 0;
		};
		A54397001ABBB232009290B4 /* Headers */ = {
			isa = PBXHeadersBuildPhase;
			buildActionMask = 2147483647;
			files = (
				A543973E1ABBB3AB009290B4 /* CoreDataStore.h in Headers */,
				A54397081ABBB232009290B4 /* MacnewsCore.h in Headers */,
				A543973C1ABBB269009290B4 /* NSString+URL.h in Headers */,
				A54397381ABBB269009290B4 /* DataStore.h in Headers */,
				A538B1151ABDC54100828F03 /* UIMutableUserNotificationAction+Simple.h in Headers */,
				A543973A1ABBB269009290B4 /* NSString+Hashes.h in Headers */,
			);
			runOnlyForDeploymentPostprocessing = 0;
		};
/* End PBXHeadersBuildPhase section */

/* Begin PBXNativeTarget section */
		A531F6B71AAAA09400F1BAAD /* Macnews Notify */ = {
			isa = PBXNativeTarget;
			buildConfigurationList = A531F6E11AAAA09500F1BAAD /* Build configuration list for PBXNativeTarget "Macnews Notify" */;
			buildPhases = (
				A531F6B41AAAA09400F1BAAD /* Sources */,
				A531F6B51AAAA09400F1BAAD /* Frameworks */,
				A531F6B61AAAA09400F1BAAD /* Resources */,
				A54396EC1ABBAD26009290B4 /* Embed Frameworks */,
				A538B0DE1ABD742E00828F03 /* Embed App Extensions */,
			);
			buildRules = (
			);
			dependencies = (
				A54397191ABBB232009290B4 /* PBXTargetDependency */,
				A538B0D91ABD742E00828F03 /* PBXTargetDependency */,
				A538B1031ABD751300828F03 /* PBXTargetDependency */,
				A538B1561ABDE9FD00828F03 /* PBXTargetDependency */,
			);
			name = "Macnews Notify";
			productName = "Macnews Notify";
			productReference = A531F6B81AAAA09500F1BAAD /* Macnews Notify.app */;
			productType = "com.apple.product-type.application";
		};
		A538B0CB1ABD742E00828F03 /* Recent-Widget */ = {
			isa = PBXNativeTarget;
			buildConfigurationList = A538B0DD1ABD742E00828F03 /* Build configuration list for PBXNativeTarget "Recent-Widget" */;
			buildPhases = (
				A538B0C81ABD742E00828F03 /* Sources */,
				A538B0C91ABD742E00828F03 /* Frameworks */,
				A538B0CA1ABD742E00828F03 /* Resources */,
			);
			buildRules = (
			);
			dependencies = (
			);
			name = "Recent-Widget";
			productName = "Recent-Widget";
			productReference = A538B0CC1ABD742E00828F03 /* Recent-Widget.appex */;
			productType = "com.apple.product-type.app-extension";
		};
		A538B0E31ABD751300828F03 /* Macnews Notify WatchKit Extension */ = {
			isa = PBXNativeTarget;
			buildConfigurationList = A538B10A1ABD751300828F03 /* Build configuration list for PBXNativeTarget "Macnews Notify WatchKit Extension" */;
			buildPhases = (
				A538B0E01ABD751300828F03 /* Sources */,
				A538B0E11ABD751300828F03 /* Frameworks */,
				A538B0E21ABD751300828F03 /* Resources */,
				A538B1121ABD757D00828F03 /* Embed Frameworks */,
			);
			buildRules = (
			);
			dependencies = (
				A538B0F91ABD751300828F03 /* PBXTargetDependency */,
				A538B1111ABD757D00828F03 /* PBXTargetDependency */,
			);
			name = "Macnews Notify WatchKit Extension";
			productName = "Macnews Notify WatchKit Extension";
			productReference = A538B0E41ABD751300828F03 /* Macnews Notify WatchKit Extension.appex */;
			productType = "com.apple.product-type.watchkit-extension";
		};
		A538B0F51ABD751300828F03 /* Macnews Notify WatchKit App */ = {
			isa = PBXNativeTarget;
			buildConfigurationList = A538B1091ABD751300828F03 /* Build configuration list for PBXNativeTarget "Macnews Notify WatchKit App" */;
			buildPhases = (
				A538B0F41ABD751300828F03 /* Resources */,
			);
			buildRules = (
			);
			dependencies = (
			);
			name = "Macnews Notify WatchKit App";
			productName = "Macnews Notify WatchKit App";
			productReference = A538B0F61ABD751300828F03 /* Macnews Notify WatchKit App.app */;
			productType = "com.apple.product-type.application.watchapp";
		};
		A538B13F1ABDE9FD00828F03 /* MRProgress */ = {
			isa = PBXNativeTarget;
			buildConfigurationList = A538B1591ABDE9FD00828F03 /* Build configuration list for PBXNativeTarget "MRProgress" */;
			buildPhases = (
				A538B13B1ABDE9FD00828F03 /* Sources */,
				A538B13C1ABDE9FD00828F03 /* Frameworks */,
				A538B13D1ABDE9FD00828F03 /* Headers */,
				A538B13E1ABDE9FD00828F03 /* Resources */,
			);
			buildRules = (
			);
			dependencies = (
			);
			name = MRProgress;
			productName = MRProgress;
			productReference = A538B1401ABDE9FD00828F03 /* MRProgress.framework */;
			productType = "com.apple.product-type.framework";
		};
		A54397021ABBB232009290B4 /* MacnewsCore */ = {
			isa = PBXNativeTarget;
			buildConfigurationList = A543971C1ABBB232009290B4 /* Build configuration list for PBXNativeTarget "MacnewsCore" */;
			buildPhases = (
				A54396FE1ABBB232009290B4 /* Sources */,
				A54396FF1ABBB232009290B4 /* Frameworks */,
				A54397001ABBB232009290B4 /* Headers */,
				A54397011ABBB232009290B4 /* Resources */,
			);
			buildRules = (
			);
			dependencies = (
			);
			name = MacnewsCore;
			productName = MacnewsCore;
			productReference = A54397031ABBB232009290B4 /* MacnewsCore.framework */;
			productType = "com.apple.product-type.framework";
		};
/* End PBXNativeTarget section */

/* Begin PBXProject section */
		A531F6B01AAAA09400F1BAAD /* Project object */ = {
			isa = PBXProject;
			attributes = {
				LastUpgradeCheck = 0610;
				ORGANIZATIONNAME = mtjddnr;
				TargetAttributes = {
					A531F6B71AAAA09400F1BAAD = {
						CreatedOnToolsVersion = 6.1.1;
						DevelopmentTeam = M5P6YBX6ZZ;
						SystemCapabilities = {
							com.apple.ApplicationGroups.iOS = {
								enabled = 1;
							};
							com.apple.iCloud = {
								enabled = 0;
							};
						};
					};
					A538B0CB1ABD742E00828F03 = {
						CreatedOnToolsVersion = 6.2;
						DevelopmentTeam = M5P6YBX6ZZ;
						SystemCapabilities = {
							com.apple.ApplicationGroups.iOS = {
								enabled = 1;
							};
						};
					};
					A538B0E31ABD751300828F03 = {
						CreatedOnToolsVersion = 6.2;
						DevelopmentTeam = M5P6YBX6ZZ;
						SystemCapabilities = {
							com.apple.ApplicationGroups.iOS = {
								enabled = 1;
							};
						};
					};
					A538B0F51ABD751300828F03 = {
						CreatedOnToolsVersion = 6.2;
						DevelopmentTeam = M5P6YBX6ZZ;
					};
					A538B13F1ABDE9FD00828F03 = {
						CreatedOnToolsVersion = 6.2;
						DevelopmentTeam = M5P6YBX6ZZ;
					};
					A54397021ABBB232009290B4 = {
						CreatedOnToolsVersion = 6.2;
						DevelopmentTeam = M5P6YBX6ZZ;
					};
				};
			};
			buildConfigurationList = A531F6B31AAAA09400F1BAAD /* Build configuration list for PBXProject "Macnews Notify" */;
			compatibilityVersion = "Xcode 3.2";
			developmentRegion = English;
			hasScannedForEncodings = 0;
			knownRegions = (
				en,
				Base,
				cs,
				de,
				es,
				eu,
				fi,
				fr,
				it,
				ja,
				ko,
				nl,
				no,
				pl,
				pt,
				ru,
				sk,
				sv,
				vi,
				zh_CN,
				"zh-Hans",
				nb,
			);
			mainGroup = A531F6AF1AAAA09400F1BAAD;
			productRefGroup = A531F6B91AAAA09500F1BAAD /* Products */;
			projectDirPath = "";
			projectRoot = "";
			targets = (
				A531F6B71AAAA09400F1BAAD /* Macnews Notify */,
				A54397021ABBB232009290B4 /* MacnewsCore */,
				A538B0CB1ABD742E00828F03 /* Recent-Widget */,
				A538B0E31ABD751300828F03 /* Macnews Notify WatchKit Extension */,
				A538B0F51ABD751300828F03 /* Macnews Notify WatchKit App */,
				A538B13F1ABDE9FD00828F03 /* MRProgress */,
			);
		};
/* End PBXProject section */

/* Begin PBXResourcesBuildPhase section */
		A531F6B61AAAA09400F1BAAD /* Resources */ = {
			isa = PBXResourcesBuildPhase;
			buildActionMask = 2147483647;
			files = (
				A531F73F1AAAAD1700F1BAAD /* TUSafariActivity.strings in Resources */,
				A531F6CD1AAAA09500F1BAAD /* Main.storyboard in Resources */,
				A531F6D21AAAA09500F1BAAD /* LaunchScreen.xib in Resources */,
				A531F6CF1AAAA09500F1BAAD /* Images.xcassets in Resources */,
			);
			runOnlyForDeploymentPostprocessing = 0;
		};
		A538B0CA1ABD742E00828F03 /* Resources */ = {
			isa = PBXResourcesBuildPhase;
			buildActionMask = 2147483647;
			files = (
				A538B1AB1ABE3CE700828F03 /* Macnews_Notify.xcdatamodeld in Resources */,
				A538B0D71ABD742E00828F03 /* MainInterface.storyboard in Resources */,
			);
			runOnlyForDeploymentPostprocessing = 0;
		};
		A538B0E21ABD751300828F03 /* Resources */ = {
			isa = PBXResourcesBuildPhase;
			buildActionMask = 2147483647;
			files = (
				A5468E371ABFD6E800F182B1 /* Macnews_Notify.xcdatamodeld in Resources */,
				A538B0F31ABD751300828F03 /* Images.xcassets in Resources */,
				A538B0F71ABD751300828F03 /* Macnews Notify WatchKit App.app in Resources */,
			);
			runOnlyForDeploymentPostprocessing = 0;
		};
		A538B0F41ABD751300828F03 /* Resources */ = {
			isa = PBXResourcesBuildPhase;
			buildActionMask = 2147483647;
			files = (
				A538B0FF1ABD751300828F03 /* Interface.storyboard in Resources */,
				A538B1011ABD751300828F03 /* Images.xcassets in Resources */,
			);
			runOnlyForDeploymentPostprocessing = 0;
		};
		A538B13E1ABDE9FD00828F03 /* Resources */ = {
			isa = PBXResourcesBuildPhase;
			buildActionMask = 2147483647;
			files = (
			);
			runOnlyForDeploymentPostprocessing = 0;
		};
		A54397011ABBB232009290B4 /* Resources */ = {
			isa = PBXResourcesBuildPhase;
			buildActionMask = 2147483647;
			files = (
			);
			runOnlyForDeploymentPostprocessing = 0;
		};
/* End PBXResourcesBuildPhase section */

/* Begin PBXSourcesBuildPhase section */
		A531F6B41AAAA09400F1BAAD /* Sources */ = {
			isa = PBXSourcesBuildPhase;
			buildActionMask = 2147483647;
			files = (
				A531F6CA1AAAA09500F1BAAD /* DetailViewController.m in Sources */,
				A531F7541AAAAD6900F1BAAD /* TUSafariActivity.m in Sources */,
				A531F6C71AAAA09500F1BAAD /* MasterViewController.m in Sources */,
				A538B1A71ABDF59F00828F03 /* TableViewCell.m in Sources */,
				A5013D3C1AAC20CD000B585F /* SettingViewController.m in Sources */,
				A531F6C11AAAA09500F1BAAD /* AppDelegate.m in Sources */,
				A531F6C41AAAA09500F1BAAD /* Macnews_Notify.xcdatamodeld in Sources */,
				A531F6BE1AAAA09500F1BAAD /* main.m in Sources */,
			);
			runOnlyForDeploymentPostprocessing = 0;
		};
		A538B0C81ABD742E00828F03 /* Sources */ = {
			isa = PBXSourcesBuildPhase;
			buildActionMask = 2147483647;
			files = (
				A538B0D51ABD742E00828F03 /* TodayViewController.m in Sources */,
			);
			runOnlyForDeploymentPostprocessing = 0;
		};
		A538B0E01ABD751300828F03 /* Sources */ = {
			isa = PBXSourcesBuildPhase;
			buildActionMask = 2147483647;
			files = (
				A538B0EE1ABD751300828F03 /* NotificationController.m in Sources */,
				A538B0EB1ABD751300828F03 /* TableController.m in Sources */,
				A51231981ABFCD3800D3EA9C /* RowController.m in Sources */,
				A5289F5D1ABFE64700F93353 /* InterfaceController.m in Sources */,
				A5289F601AC05B9600F93353 /* DetailInterfaceController.m in Sources */,
				A538B0F11ABD751300828F03 /* GlanceController.m in Sources */,
			);
			runOnlyForDeploymentPostprocessing = 0;
		};
		A538B13B1ABDE9FD00828F03 /* Sources */ = {
			isa = PBXSourcesBuildPhase;
			buildActionMask = 2147483647;
			files = (
				A538B1811ABDEA5900828F03 /* MRProgressOverlayView.m in Sources */,
				A538B19E1ABDEA6D00828F03 /* MRMessageInterceptor.m in Sources */,
				A538B1791ABDEA5900828F03 /* MRActivityIndicatorView.m in Sources */,
				A538B1831ABDEA5900828F03 /* MRProgressView.m in Sources */,
				A538B1A31ABDEA6D00828F03 /* MRWeakProxy.m in Sources */,
				A538B1A01ABDEA6D00828F03 /* MRMethodCopier.m in Sources */,
				A538B1861ABDEA5900828F03 /* MRStopButton.m in Sources */,
				A538B1651ABDEA3B00828F03 /* MRBlurView.m in Sources */,
				A538B1671ABDEA3B00828F03 /* UIImage+MRImageEffects.m in Sources */,
				A538B17B1ABDEA5900828F03 /* MRCircularProgressView.m in Sources */,
				A538B17F1ABDEA5900828F03 /* MRNavigationBarProgressView.m in Sources */,
				A538B17D1ABDEA5900828F03 /* MRIconView.m in Sources */,
			);
			runOnlyForDeploymentPostprocessing = 0;
		};
		A54396FE1ABBB232009290B4 /* Sources */ = {
			isa = PBXSourcesBuildPhase;
			buildActionMask = 2147483647;
			files = (
				A54397371ABBB269009290B4 /* CoreDataStore.m in Sources */,
				A54397391ABBB269009290B4 /* DataStore.m in Sources */,
				A538B1161ABDC54100828F03 /* UIMutableUserNotificationAction+Simple.m in Sources */,
				A543973B1ABBB269009290B4 /* NSString+Hashes.m in Sources */,
				A543973D1ABBB269009290B4 /* NSString+URL.m in Sources */,
			);
			runOnlyForDeploymentPostprocessing = 0;
		};
/* End PBXSourcesBuildPhase section */

/* Begin PBXTargetDependency section */
		A538B0D91ABD742E00828F03 /* PBXTargetDependency */ = {
			isa = PBXTargetDependency;
			target = A538B0CB1ABD742E00828F03 /* Recent-Widget */;
			targetProxy = A538B0D81ABD742E00828F03 /* PBXContainerItemProxy */;
		};
		A538B0F91ABD751300828F03 /* PBXTargetDependency */ = {
			isa = PBXTargetDependency;
			target = A538B0F51ABD751300828F03 /* Macnews Notify WatchKit App */;
			targetProxy = A538B0F81ABD751300828F03 /* PBXContainerItemProxy */;
		};
		A538B1031ABD751300828F03 /* PBXTargetDependency */ = {
			isa = PBXTargetDependency;
			target = A538B0E31ABD751300828F03 /* Macnews Notify WatchKit Extension */;
			targetProxy = A538B1021ABD751300828F03 /* PBXContainerItemProxy */;
		};
		A538B1111ABD757D00828F03 /* PBXTargetDependency */ = {
			isa = PBXTargetDependency;
			target = A54397021ABBB232009290B4 /* MacnewsCore */;
			targetProxy = A538B1101ABD757D00828F03 /* PBXContainerItemProxy */;
		};
		A538B1561ABDE9FD00828F03 /* PBXTargetDependency */ = {
			isa = PBXTargetDependency;
			target = A538B13F1ABDE9FD00828F03 /* MRProgress */;
			targetProxy = A538B1551ABDE9FD00828F03 /* PBXContainerItemProxy */;
		};
		A54397191ABBB232009290B4 /* PBXTargetDependency */ = {
			isa = PBXTargetDependency;
			target = A54397021ABBB232009290B4 /* MacnewsCore */;
			targetProxy = A54397181ABBB232009290B4 /* PBXContainerItemProxy */;
		};
/* End PBXTargetDependency section */

/* Begin PBXVariantGroup section */
		A531F6CB1AAAA09500F1BAAD /* Main.storyboard */ = {
			isa = PBXVariantGroup;
			children = (
				A5C419121AACD73800BDA124 /* Base */,
			);
			name = Main.storyboard;
			sourceTree = "<group>";
		};
		A531F6D01AAAA09500F1BAAD /* LaunchScreen.xib */ = {
			isa = PBXVariantGroup;
			children = (
				A531F6D11AAAA09500F1BAAD /* Base */,
			);
			name = LaunchScreen.xib;
			sourceTree = "<group>";
		};
		A531F73D1AAAAD1700F1BAAD /* TUSafariActivity.strings */ = {
			isa = PBXVariantGroup;
			children = (
				A531F73E1AAAAD1700F1BAAD /* en */,
				A531F7401AAAAD1E00F1BAAD /* cs */,
				A531F7411AAAAD2100F1BAAD /* de */,
				A531F7421AAAAD2300F1BAAD /* es */,
				A531F7431AAAAD2400F1BAAD /* eu */,
				A531F7441AAAAD2600F1BAAD /* fi */,
				A531F7451AAAAD2B00F1BAAD /* zh-Hans */,
				A531F7461AAAAD2D00F1BAAD /* vi */,
				A531F7471AAAAD2F00F1BAAD /* sv */,
				A531F7481AAAAD3300F1BAAD /* sk */,
				A531F7491AAAAD3500F1BAAD /* ru */,
				A531F74A1AAAAD3700F1BAAD /* pt */,
				A531F74B1AAAAD3900F1BAAD /* pl */,
				A531F74C1AAAAD3A00F1BAAD /* nb */,
				A531F74D1AAAAD3C00F1BAAD /* nl */,
				A531F74E1AAAAD3D00F1BAAD /* ko */,
				A531F74F1AAAAD3F00F1BAAD /* ja */,
				A531F7501AAAAD4000F1BAAD /* it */,
				A531F7511AAAAD4200F1BAAD /* fr */,
			);
			name = TUSafariActivity.strings;
			sourceTree = "<group>";
		};
		A538B0FD1ABD751300828F03 /* Interface.storyboard */ = {
			isa = PBXVariantGroup;
			children = (
				A538B0FE1ABD751300828F03 /* Base */,
			);
			name = Interface.storyboard;
			sourceTree = "<group>";
		};
/* End PBXVariantGroup section */

/* Begin XCBuildConfiguration section */
		A531F6DF1AAAA09500F1BAAD /* Debug */ = {
			isa = XCBuildConfiguration;
			buildSettings = {
				ALWAYS_SEARCH_USER_PATHS = NO;
				CLANG_CXX_LANGUAGE_STANDARD = "gnu++0x";
				CLANG_CXX_LIBRARY = "libc++";
				CLANG_ENABLE_MODULES = YES;
				CLANG_ENABLE_OBJC_ARC = YES;
				CLANG_WARN_BOOL_CONVERSION = YES;
				CLANG_WARN_CONSTANT_CONVERSION = YES;
				CLANG_WARN_DIRECT_OBJC_ISA_USAGE = YES_ERROR;
				CLANG_WARN_EMPTY_BODY = YES;
				CLANG_WARN_ENUM_CONVERSION = YES;
				CLANG_WARN_INT_CONVERSION = YES;
				CLANG_WARN_OBJC_ROOT_CLASS = YES_ERROR;
				CLANG_WARN_UNREACHABLE_CODE = YES;
				CLANG_WARN__DUPLICATE_METHOD_MATCH = YES;
				"CODE_SIGN_IDENTITY[sdk=iphoneos*]" = "iPhone Developer";
				COPY_PHASE_STRIP = NO;
				ENABLE_STRICT_OBJC_MSGSEND = YES;
				GCC_C_LANGUAGE_STANDARD = gnu99;
				GCC_DYNAMIC_NO_PIC = NO;
				GCC_OPTIMIZATION_LEVEL = 0;
				GCC_PREPROCESSOR_DEFINITIONS = (
					"DEBUG=1",
					"$(inherited)",
				);
				GCC_SYMBOLS_PRIVATE_EXTERN = NO;
				GCC_WARN_64_TO_32_BIT_CONVERSION = YES;
				GCC_WARN_ABOUT_RETURN_TYPE = YES_ERROR;
				GCC_WARN_UNDECLARED_SELECTOR = YES;
				GCC_WARN_UNINITIALIZED_AUTOS = YES_AGGRESSIVE;
				GCC_WARN_UNUSED_FUNCTION = YES;
				GCC_WARN_UNUSED_VARIABLE = YES;
				IPHONEOS_DEPLOYMENT_TARGET = 8.1;
				MTL_ENABLE_DEBUG_INFO = YES;
				ONLY_ACTIVE_ARCH = YES;
				SDKROOT = iphoneos;
				TARGETED_DEVICE_FAMILY = "1,2";
			};
			name = Debug;
		};
		A531F6E01AAAA09500F1BAAD /* Release */ = {
			isa = XCBuildConfiguration;
			buildSettings = {
				ALWAYS_SEARCH_USER_PATHS = NO;
				CLANG_CXX_LANGUAGE_STANDARD = "gnu++0x";
				CLANG_CXX_LIBRARY = "libc++";
				CLANG_ENABLE_MODULES = YES;
				CLANG_ENABLE_OBJC_ARC = YES;
				CLANG_WARN_BOOL_CONVERSION = YES;
				CLANG_WARN_CONSTANT_CONVERSION = YES;
				CLANG_WARN_DIRECT_OBJC_ISA_USAGE = YES_ERROR;
				CLANG_WARN_EMPTY_BODY = YES;
				CLANG_WARN_ENUM_CONVERSION = YES;
				CLANG_WARN_INT_CONVERSION = YES;
				CLANG_WARN_OBJC_ROOT_CLASS = YES_ERROR;
				CLANG_WARN_UNREACHABLE_CODE = YES;
				CLANG_WARN__DUPLICATE_METHOD_MATCH = YES;
				"CODE_SIGN_IDENTITY[sdk=iphoneos*]" = "iPhone Developer";
				COPY_PHASE_STRIP = YES;
				ENABLE_NS_ASSERTIONS = NO;
				ENABLE_STRICT_OBJC_MSGSEND = YES;
				GCC_C_LANGUAGE_STANDARD = gnu99;
				GCC_WARN_64_TO_32_BIT_CONVERSION = YES;
				GCC_WARN_ABOUT_RETURN_TYPE = YES_ERROR;
				GCC_WARN_UNDECLARED_SELECTOR = YES;
				GCC_WARN_UNINITIALIZED_AUTOS = YES_AGGRESSIVE;
				GCC_WARN_UNUSED_FUNCTION = YES;
				GCC_WARN_UNUSED_VARIABLE = YES;
				IPHONEOS_DEPLOYMENT_TARGET = 8.1;
				MTL_ENABLE_DEBUG_INFO = NO;
				SDKROOT = iphoneos;
				TARGETED_DEVICE_FAMILY = "1,2";
				VALIDATE_PRODUCT = YES;
			};
			name = Release;
		};
		A531F6E21AAAA09500F1BAAD /* Debug */ = {
			isa = XCBuildConfiguration;
			buildSettings = {
				ASSETCATALOG_COMPILER_APPICON_NAME = AppIcon;
				CODE_SIGN_ENTITLEMENTS = "Macnews Notify/Macnews Notify.entitlements";
				CODE_SIGN_IDENTITY = "iPhone Developer";
				"CODE_SIGN_IDENTITY[sdk=iphoneos*]" = "iPhone Developer";
				INFOPLIST_FILE = "Macnews Notify/Info.plist";
				IPHONEOS_DEPLOYMENT_TARGET = 8.0;
				LD_RUNPATH_SEARCH_PATHS = "$(inherited) @executable_path/Frameworks";
				PRODUCT_NAME = "$(TARGET_NAME)";
				PROVISIONING_PROFILE = "";
			};
			name = Debug;
		};
		A531F6E31AAAA09500F1BAAD /* Release */ = {
			isa = XCBuildConfiguration;
			buildSettings = {
				ASSETCATALOG_COMPILER_APPICON_NAME = AppIcon;
				CODE_SIGN_ENTITLEMENTS = "Macnews Notify/Macnews Notify.entitlements";
				CODE_SIGN_IDENTITY = "iPhone Developer";
				"CODE_SIGN_IDENTITY[sdk=iphoneos*]" = "iPhone Developer";
				INFOPLIST_FILE = "Macnews Notify/Info.plist";
				IPHONEOS_DEPLOYMENT_TARGET = 8.0;
				LD_RUNPATH_SEARCH_PATHS = "$(inherited) @executable_path/Frameworks";
				PRODUCT_NAME = "$(TARGET_NAME)";
				PROVISIONING_PROFILE = "";
			};
			name = Release;
		};
		A538B0DB1ABD742E00828F03 /* Debug */ = {
			isa = XCBuildConfiguration;
			buildSettings = {
				CODE_SIGN_ENTITLEMENTS = "Recent-Widget/Recent-Widget.entitlements";
				CODE_SIGN_IDENTITY = "iPhone Developer";
				"CODE_SIGN_IDENTITY[sdk=iphoneos*]" = "iPhone Developer";
				GCC_PREPROCESSOR_DEFINITIONS = (
					"DEBUG=1",
					"$(inherited)",
				);
				INFOPLIST_FILE = "Recent-Widget/Info.plist";
				IPHONEOS_DEPLOYMENT_TARGET = 8.0;
				LD_RUNPATH_SEARCH_PATHS = "$(inherited) @executable_path/Frameworks @executable_path/../../Frameworks";
				PRODUCT_NAME = "$(TARGET_NAME)";
				SKIP_INSTALL = YES;
			};
			name = Debug;
		};
		A538B0DC1ABD742E00828F03 /* Release */ = {
			isa = XCBuildConfiguration;
			buildSettings = {
				CODE_SIGN_ENTITLEMENTS = "Recent-Widget/Recent-Widget.entitlements";
				CODE_SIGN_IDENTITY = "iPhone Developer";
				"CODE_SIGN_IDENTITY[sdk=iphoneos*]" = "iPhone Developer";
				COPY_PHASE_STRIP = NO;
				INFOPLIST_FILE = "Recent-Widget/Info.plist";
				IPHONEOS_DEPLOYMENT_TARGET = 8.0;
				LD_RUNPATH_SEARCH_PATHS = "$(inherited) @executable_path/Frameworks @executable_path/../../Frameworks";
				PRODUCT_NAME = "$(TARGET_NAME)";
				SKIP_INSTALL = YES;
			};
			name = Release;
		};
		A538B1051ABD751300828F03 /* Debug */ = {
			isa = XCBuildConfiguration;
			buildSettings = {
				CODE_SIGN_ENTITLEMENTS = "Macnews Notify WatchKit Extension/Macnews Notify WatchKit Extension.entitlements";
				CODE_SIGN_IDENTITY = "iPhone Developer";
				"CODE_SIGN_IDENTITY[sdk=iphoneos*]" = "iPhone Developer";
				GCC_PREPROCESSOR_DEFINITIONS = (
					"DEBUG=1",
					"$(inherited)",
				);
				INFOPLIST_FILE = "Macnews Notify WatchKit Extension/Info.plist";
				IPHONEOS_DEPLOYMENT_TARGET = 8.2;
				LD_RUNPATH_SEARCH_PATHS = "$(inherited) @executable_path/Frameworks @executable_path/../../Frameworks";
				PRODUCT_NAME = "${TARGET_NAME}";
				PROVISIONING_PROFILE = "";
				SKIP_INSTALL = YES;
			};
			name = Debug;
		};
		A538B1061ABD751300828F03 /* Release */ = {
			isa = XCBuildConfiguration;
			buildSettings = {
				CODE_SIGN_ENTITLEMENTS = "Macnews Notify WatchKit Extension/Macnews Notify WatchKit Extension.entitlements";
				CODE_SIGN_IDENTITY = "iPhone Developer";
				"CODE_SIGN_IDENTITY[sdk=iphoneos*]" = "iPhone Developer";
				COPY_PHASE_STRIP = NO;
				INFOPLIST_FILE = "Macnews Notify WatchKit Extension/Info.plist";
				IPHONEOS_DEPLOYMENT_TARGET = 8.2;
				LD_RUNPATH_SEARCH_PATHS = "$(inherited) @executable_path/Frameworks @executable_path/../../Frameworks";
				PRODUCT_NAME = "${TARGET_NAME}";
				PROVISIONING_PROFILE = "";
				SKIP_INSTALL = YES;
			};
			name = Release;
		};
		A538B1071ABD751300828F03 /* Debug */ = {
			isa = XCBuildConfiguration;
			buildSettings = {
				ASSETCATALOG_COMPILER_APPICON_NAME = AppIcon;
				CODE_SIGN_IDENTITY = "iPhone Developer";
				GCC_PREPROCESSOR_DEFINITIONS = (
					"DEBUG=1",
					"$(inherited)",
				);
				IBSC_MODULE = Macnews_Notify_WatchKit_Extension;
				INFOPLIST_FILE = "Macnews Notify WatchKit App/Info.plist";
				IPHONEOS_DEPLOYMENT_TARGET = 8.2;
				PRODUCT_NAME = "$(TARGET_NAME)";
				SKIP_INSTALL = YES;
				TARGETED_DEVICE_FAMILY = 4;
				"TARGETED_DEVICE_FAMILY[sdk=iphonesimulator*]" = "1,4";
			};
			name = Debug;
		};
		A538B1081ABD751300828F03 /* Release */ = {
			isa = XCBuildConfiguration;
			buildSettings = {
				ASSETCATALOG_COMPILER_APPICON_NAME = AppIcon;
				CODE_SIGN_IDENTITY = "iPhone Developer";
				COPY_PHASE_STRIP = NO;
				IBSC_MODULE = Macnews_Notify_WatchKit_Extension;
				INFOPLIST_FILE = "Macnews Notify WatchKit App/Info.plist";
				IPHONEOS_DEPLOYMENT_TARGET = 8.2;
				PRODUCT_NAME = "$(TARGET_NAME)";
				SKIP_INSTALL = YES;
				TARGETED_DEVICE_FAMILY = 4;
				"TARGETED_DEVICE_FAMILY[sdk=iphonesimulator*]" = "1,4";
			};
			name = Release;
		};
		A538B15A1ABDE9FD00828F03 /* Debug */ = {
			isa = XCBuildConfiguration;
			buildSettings = {
				CODE_SIGN_IDENTITY = "iPhone Developer";
				"CODE_SIGN_IDENTITY[sdk=iphoneos*]" = "iPhone Developer";
				CURRENT_PROJECT_VERSION = 1;
				DEFINES_MODULE = YES;
				DYLIB_COMPATIBILITY_VERSION = 1;
				DYLIB_CURRENT_VERSION = 1;
				DYLIB_INSTALL_NAME_BASE = "@rpath";
				GCC_PREPROCESSOR_DEFINITIONS = (
					"DEBUG=1",
					"$(inherited)",
				);
				INFOPLIST_FILE = MRProgress/Info.plist;
				INSTALL_PATH = "$(LOCAL_LIBRARY_DIR)/Frameworks";
				IPHONEOS_DEPLOYMENT_TARGET = 8.0;
				LD_RUNPATH_SEARCH_PATHS = "$(inherited) @executable_path/Frameworks @loader_path/Frameworks";
				PRODUCT_NAME = "$(TARGET_NAME)";
				SKIP_INSTALL = YES;
				VERSIONING_SYSTEM = "apple-generic";
				VERSION_INFO_PREFIX = "";
			};
			name = Debug;
		};
		A538B15B1ABDE9FD00828F03 /* Release */ = {
			isa = XCBuildConfiguration;
			buildSettings = {
				CODE_SIGN_IDENTITY = "iPhone Developer";
				"CODE_SIGN_IDENTITY[sdk=iphoneos*]" = "iPhone Developer";
				COPY_PHASE_STRIP = NO;
				CURRENT_PROJECT_VERSION = 1;
				DEFINES_MODULE = YES;
				DYLIB_COMPATIBILITY_VERSION = 1;
				DYLIB_CURRENT_VERSION = 1;
				DYLIB_INSTALL_NAME_BASE = "@rpath";
				INFOPLIST_FILE = MRProgress/Info.plist;
				INSTALL_PATH = "$(LOCAL_LIBRARY_DIR)/Frameworks";
				IPHONEOS_DEPLOYMENT_TARGET = 8.0;
				LD_RUNPATH_SEARCH_PATHS = "$(inherited) @executable_path/Frameworks @loader_path/Frameworks";
				PRODUCT_NAME = "$(TARGET_NAME)";
				SKIP_INSTALL = YES;
				VERSIONING_SYSTEM = "apple-generic";
				VERSION_INFO_PREFIX = "";
			};
			name = Release;
		};
		A543971D1ABBB232009290B4 /* Debug */ = {
			isa = XCBuildConfiguration;
			buildSettings = {
				APPLICATION_EXTENSION_API_ONLY = YES;
				CODE_SIGN_IDENTITY = "iPhone Developer";
				"CODE_SIGN_IDENTITY[sdk=iphoneos*]" = "iPhone Developer";
				CURRENT_PROJECT_VERSION = 1;
				DEFINES_MODULE = YES;
				DYLIB_COMPATIBILITY_VERSION = 1;
				DYLIB_CURRENT_VERSION = 1;
				DYLIB_INSTALL_NAME_BASE = "@rpath";
				GCC_PREPROCESSOR_DEFINITIONS = (
					"DEBUG=1",
					"$(inherited)",
				);
				INFOPLIST_FILE = MacnewsCore/Info.plist;
				INSTALL_PATH = "$(LOCAL_LIBRARY_DIR)/Frameworks";
				IPHONEOS_DEPLOYMENT_TARGET = 8.0;
				LD_RUNPATH_SEARCH_PATHS = "$(inherited) @executable_path/Frameworks @loader_path/Frameworks";
				PRODUCT_NAME = "$(TARGET_NAME)";
				SKIP_INSTALL = YES;
				VERSIONING_SYSTEM = "apple-generic";
				VERSION_INFO_PREFIX = "";
			};
			name = Debug;
		};
		A543971E1ABBB232009290B4 /* Release */ = {
			isa = XCBuildConfiguration;
			buildSettings = {
				APPLICATION_EXTENSION_API_ONLY = YES;
				CODE_SIGN_IDENTITY = "iPhone Developer";
				"CODE_SIGN_IDENTITY[sdk=iphoneos*]" = "iPhone Developer";
				COPY_PHASE_STRIP = NO;
				CURRENT_PROJECT_VERSION = 1;
				DEFINES_MODULE = YES;
				DYLIB_COMPATIBILITY_VERSION = 1;
				DYLIB_CURRENT_VERSION = 1;
				DYLIB_INSTALL_NAME_BASE = "@rpath";
				INFOPLIST_FILE = MacnewsCore/Info.plist;
				INSTALL_PATH = "$(LOCAL_LIBRARY_DIR)/Frameworks";
				IPHONEOS_DEPLOYMENT_TARGET = 8.0;
				LD_RUNPATH_SEARCH_PATHS = "$(inherited) @executable_path/Frameworks @loader_path/Frameworks";
				PRODUCT_NAME = "$(TARGET_NAME)";
				SKIP_INSTALL = YES;
				VERSIONING_SYSTEM = "apple-generic";
				VERSION_INFO_PREFIX = "";
			};
			name = Release;
		};
/* End XCBuildConfiguration section */

/* Begin XCConfigurationList section */
		A531F6B31AAAA09400F1BAAD /* Build configuration list for PBXProject "Macnews Notify" */ = {
			isa = XCConfigurationList;
			buildConfigurations = (
				A531F6DF1AAAA09500F1BAAD /* Debug */,
				A531F6E01AAAA09500F1BAAD /* Release */,
			);
			defaultConfigurationIsVisible = 0;
			defaultConfigurationName = Release;
		};
		A531F6E11AAAA09500F1BAAD /* Build configuration list for PBXNativeTarget "Macnews Notify" */ = {
			isa = XCConfigurationList;
			buildConfigurations = (
				A531F6E21AAAA09500F1BAAD /* Debug */,
				A531F6E31AAAA09500F1BAAD /* Release */,
			);
			defaultConfigurationIsVisible = 0;
			defaultConfigurationName = Release;
		};
		A538B0DD1ABD742E00828F03 /* Build configuration list for PBXNativeTarget "Recent-Widget" */ = {
			isa = XCConfigurationList;
			buildConfigurations = (
				A538B0DB1ABD742E00828F03 /* Debug */,
				A538B0DC1ABD742E00828F03 /* Release */,
			);
			defaultConfigurationIsVisible = 0;
			defaultConfigurationName = Release;
		};
		A538B1091ABD751300828F03 /* Build configuration list for PBXNativeTarget "Macnews Notify WatchKit App" */ = {
			isa = XCConfigurationList;
			buildConfigurations = (
				A538B1071ABD751300828F03 /* Debug */,
				A538B1081ABD751300828F03 /* Release */,
			);
			defaultConfigurationIsVisible = 0;
			defaultConfigurationName = Release;
		};
		A538B10A1ABD751300828F03 /* Build configuration list for PBXNativeTarget "Macnews Notify WatchKit Extension" */ = {
			isa = XCConfigurationList;
			buildConfigurations = (
				A538B1051ABD751300828F03 /* Debug */,
				A538B1061ABD751300828F03 /* Release */,
			);
			defaultConfigurationIsVisible = 0;
			defaultConfigurationName = Release;
		};
		A538B1591ABDE9FD00828F03 /* Build configuration list for PBXNativeTarget "MRProgress" */ = {
			isa = XCConfigurationList;
			buildConfigurations = (
				A538B15A1ABDE9FD00828F03 /* Debug */,
				A538B15B1ABDE9FD00828F03 /* Release */,
			);
			defaultConfigurationIsVisible = 0;
			defaultConfigurationName = Release;
		};
		A543971C1ABBB232009290B4 /* Build configuration list for PBXNativeTarget "MacnewsCore" */ = {
			isa = XCConfigurationList;
			buildConfigurations = (
				A543971D1ABBB232009290B4 /* Debug */,
				A543971E1ABBB232009290B4 /* Release */,
			);
			defaultConfigurationIsVisible = 0;
			defaultConfigurationName = Release;
		};
/* End XCConfigurationList section */

/* Begin XCVersionGroup section */
		A531F6C21AAAA09500F1BAAD /* Macnews_Notify.xcdatamodeld */ = {
			isa = XCVersionGroup;
			children = (
				A531F6C31AAAA09500F1BAAD /* Macnews_Notify.xcdatamodel */,
			);
			currentVersion = A531F6C31AAAA09500F1BAAD /* Macnews_Notify.xcdatamodel */;
			path = Macnews_Notify.xcdatamodeld;
			sourceTree = "<group>";
			versionGroupType = wrapper.xcdatamodel;
		};
/* End XCVersionGroup section */
	};
	rootObject = A531F6B01AAAA09400F1BAAD /* Project object */;
}
